// !$*UTF8*$!
{
	archiveVersion = 1;
	classes = {
	};
	objectVersion = 50;
	objects = {

/* Begin PBXBuildFile section */
		783208122456BB6F007D1259 /* AppDelegate.swift in Sources */ = {isa = PBXBuildFile; fileRef = 783208112456BB6F007D1259 /* AppDelegate.swift */; };
		783208142456BB70007D1259 /* SceneDelegate.swift in Sources */ = {isa = PBXBuildFile; fileRef = 783208132456BB70007D1259 /* SceneDelegate.swift */; };
		783208162456BB70007D1259 /* ViewController.swift in Sources */ = {isa = PBXBuildFile; fileRef = 783208152456BB70007D1259 /* ViewController.swift */; };
		783208192456BB70007D1259 /* Main.storyboard in Resources */ = {isa = PBXBuildFile; fileRef = 783208172456BB70007D1259 /* Main.storyboard */; };
		7832081B2456BB7C007D1259 /* Assets.xcassets in Resources */ = {isa = PBXBuildFile; fileRef = 7832081A2456BB7C007D1259 /* Assets.xcassets */; };
		7832081E2456BB7C007D1259 /* LaunchScreen.storyboard in Resources */ = {isa = PBXBuildFile; fileRef = 7832081C2456BB7C007D1259 /* LaunchScreen.storyboard */; };
		783208272456BBE3007D1259 /* Photos.framework in Frameworks */ = {isa = PBXBuildFile; fileRef = 783208262456BBE3007D1259 /* Photos.framework */; };
/* End PBXBuildFile section */

/* Begin PBXFileReference section */
		7832080E2456BB6F007D1259 /* Multitask Blur.app */ = {isa = PBXFileReference; explicitFileType = wrapper.application; includeInIndex = 0; path = "Multitask Blur.app"; sourceTree = BUILT_PRODUCTS_DIR; };
		783208112456BB6F007D1259 /* AppDelegate.swift */ = {isa = PBXFileReference; lastKnownFileType = sourcecode.swift; path = AppDelegate.swift; sourceTree = "<group>"; };
		783208132456BB70007D1259 /* SceneDelegate.swift */ = {isa = PBXFileReference; lastKnownFileType = sourcecode.swift; path = SceneDelegate.swift; sourceTree = "<group>"; };
		783208152456BB70007D1259 /* ViewController.swift */ = {isa = PBXFileReference; lastKnownFileType = sourcecode.swift; path = ViewController.swift; sourceTree = "<group>"; };
		783208182456BB70007D1259 /* Base */ = {isa = PBXFileReference; lastKnownFileType = file.storyboard; name = Base; path = Base.lproj/Main.storyboard; sourceTree = "<group>"; };
		7832081A2456BB7C007D1259 /* Assets.xcassets */ = {isa = PBXFileReference; lastKnownFileType = folder.assetcatalog; path = Assets.xcassets; sourceTree = "<group>"; };
		7832081D2456BB7C007D1259 /* Base */ = {isa = PBXFileReference; lastKnownFileType = file.storyboard; name = Base; path = Base.lproj/LaunchScreen.storyboard; sourceTree = "<group>"; };
		7832081F2456BB7C007D1259 /* Info.plist */ = {isa = PBXFileReference; lastKnownFileType = text.plist.xml; path = Info.plist; sourceTree = "<group>"; };
		783208262456BBE3007D1259 /* Photos.framework */ = {isa = PBXFileReference; lastKnownFileType = wrapper.framework; name = Photos.framework; path = System/Library/Frameworks/Photos.framework; sourceTree = SDKROOT; };
/* End PBXFileReference section */

/* Begin PBXFrameworksBuildPhase section */
		7832080B2456BB6F007D1259 /* Frameworks */ = {
			isa = PBXFrameworksBuildPhase;
			buildActionMask = 2147483647;
			files = (
				783208272456BBE3007D1259 /* Photos.framework in Frameworks */,
			);
			runOnlyForDeploymentPostprocessing = 0;
		};
/* End PBXFrameworksBuildPhase section */

/* Begin PBXGroup section */
		783208052456BB6F007D1259 = {
			isa = PBXGroup;
			children = (
				783208102456BB6F007D1259 /* Multitask Blur */,
				7832080F2456BB6F007D1259 /* Products */,
				783208252456BBE3007D1259 /* Frameworks */,
			);
			sourceTree = "<group>";
		};
		7832080F2456BB6F007D1259 /* Products */ = {
			isa = PBXGroup;
			children = (
				7832080E2456BB6F007D1259 /* Multitask Blur.app */,
			);
			name = Products;
			sourceTree = "<group>";
		};
		783208102456BB6F007D1259 /* Multitask Blur */ = {
			isa = PBXGroup;
			children = (
				783208112456BB6F007D1259 /* AppDelegate.swift */,
				783208132456BB70007D1259 /* SceneDelegate.swift */,
				783208152456BB70007D1259 /* ViewController.swift */,
				783208172456BB70007D1259 /* Main.storyboard */,
				7832081A2456BB7C007D1259 /* Assets.xcassets */,
				7832081C2456BB7C007D1259 /* LaunchScreen.storyboard */,
				7832081F2456BB7C007D1259 /* Info.plist */,
			);
			path = "Multitask Blur";
			sourceTree = "<group>";
		};
		783208252456BBE3007D1259 /* Frameworks */ = {
			isa = PBXGroup;
			children = (
				783208262456BBE3007D1259 /* Photos.framework */,
			);
			name = Frameworks;
			sourceTree = "<group>";
		};
/* End PBXGroup section */

/* Begin PBXNativeTarget section */
		7832080D2456BB6F007D1259 /* Multitask Blur */ = {
			isa = PBXNativeTarget;
			buildConfigurationList = 783208222456BB7C007D1259 /* Build configuration list for PBXNativeTarget "Multitask Blur" */;
			buildPhases = (
				7832080A2456BB6F007D1259 /* Sources */,
				7832080B2456BB6F007D1259 /* Frameworks */,
				7832080C2456BB6F007D1259 /* Resources */,
			);
			buildRules = (
			);
			dependencies = (
			);
			name = "Multitask Blur";
			productName = ScreenshootTest;
			productReference = 7832080E2456BB6F007D1259 /* Multitask Blur.app */;
			productType = "com.apple.product-type.application";
		};
/* End PBXNativeTarget section */

/* Begin PBXProject section */
		783208062456BB6F007D1259 /* Project object */ = {
			isa = PBXProject;
			attributes = {
				LastSwiftUpdateCheck = 1130;
				LastUpgradeCheck = 1130;
				ORGANIZATIONNAME = Coop;
				TargetAttributes = {
					7832080D2456BB6F007D1259 = {
						CreatedOnToolsVersion = 11.3.1;
					};
				};
			};
			buildConfigurationList = 783208092456BB6F007D1259 /* Build configuration list for PBXProject "Multitask Blur" */;
			compatibilityVersion = "Xcode 9.3";
			developmentRegion = en;
			hasScannedForEncodings = 0;
			knownRegions = (
				en,
				Base,
			);
			mainGroup = 783208052456BB6F007D1259;
			productRefGroup = 7832080F2456BB6F007D1259 /* Products */;
			projectDirPath = "";
			projectRoot = "";
			targets = (
				7832080D2456BB6F007D1259 /* Multitask Blur */,
			);
		};
/* End PBXProject section */

/* Begin PBXResourcesBuildPhase section */
		7832080C2456BB6F007D1259 /* Resources */ = {
			isa = PBXResourcesBuildPhase;
			buildActionMask = 2147483647;
			files = (
				7832081E2456BB7C007D1259 /* LaunchScreen.storyboard in Resources */,
				7832081B2456BB7C007D1259 /* Assets.xcassets in Resources */,
				783208192456BB70007D1259 /* Main.storyboard in Resources */,
			);
			runOnlyForDeploymentPostprocessing = 0;
		};
/* End PBXResourcesBuildPhase section */

/* Begin PBXSourcesBuildPhase section */
		7832080A2456BB6F007D1259 /* Sources */ = {
			isa = PBXSourcesBuildPhase;
			buildActionMask = 2147483647;
			files = (
				783208162456BB70007D1259 /* ViewController.swift in Sources */,
				783208122456BB6F007D1259 /* AppDelegate.swift in Sources */,
				783208142456BB70007D1259 /* SceneDelegate.swift in Sources */,
			);
			runOnlyForDeploymentPostprocessing = 0;
		};
/* End PBXSourcesBuildPhase section */

/* Begin PBXVariantGroup section */
		783208172456BB70007D1259 /* Main.storyboard */ = {
			isa = PBXVariantGroup;
			children = (
				783208182456BB70007D1259 /* Base */,
			);
			name = Main.storyboard;
			sourceTree = "<group>";
		};
		7832081C2456BB7C007D1259 /* LaunchScreen.storyboard */ = {
			isa = PBXVariantGroup;
			children = (
				7832081D2456BB7C007D1259 /* Base */,
			);
			name = LaunchScreen.storyboard;
			sourceTree = "<group>";
		};
/* End PBXVariantGroup section */

/* Begin XCBuildConfiguration section */
		783208202456BB7C007D1259 /* Debug */ = {
			isa = XCBuildConfiguration;
			buildSettings = {
				ALWAYS_SEARCH_USER_PATHS = NO;
				CLANG_ANALYZER_NONNULL = YES;
				CLANG_ANALYZER_NUMBER_OBJECT_CONVERSION = YES_AGGRESSIVE;
				CLANG_CXX_LANGUAGE_STANDARD = "gnu++14";
				CLANG_CXX_LIBRARY = "libc++";
				CLANG_ENABLE_MODULES = YES;
				CLANG_ENABLE_OBJC_ARC = YES;
				CLANG_ENABLE_OBJC_WEAK = YES;
				CLANG_WARN_BLOCK_CAPTURE_AUTORELEASING = YES;
				CLANG_WARN_BOOL_CONVERSION = YES;
				CLANG_WARN_COMMA = YES;
				CLANG_WARN_CONSTANT_CONVERSION = YES;
				CLANG_WARN_DEPRECATED_OBJC_IMPLEMENTATIONS = YES;
				CLANG_WARN_DIRECT_OBJC_ISA_USAGE = YES_ERROR;
				CLANG_WARN_DOCUMENTATION_COMMENTS = YES;
				CLANG_WARN_EMPTY_BODY = YES;
				CLANG_WARN_ENUM_CONVERSION = YES;
				CLANG_WARN_INFINITE_RECURSION = YES;
				CLANG_WARN_INT_CONVERSION = YES;
				CLANG_WARN_NON_LITERAL_NULL_CONVERSION = YES;
				CLANG_WARN_OBJC_IMPLICIT_RETAIN_SELF = YES;
				CLANG_WARN_OBJC_LITERAL_CONVERSION = YES;
				CLANG_WARN_OBJC_ROOT_CLASS = YES_ERROR;
				CLANG_WARN_RANGE_LOOP_ANALYSIS = YES;
				CLANG_WARN_STRICT_PROTOTYPES = YES;
				CLANG_WARN_SUSPICIOUS_MOVE = YES;
				CLANG_WARN_UNGUARDED_AVAILABILITY = YES_AGGRESSIVE;
				CLANG_WARN_UNREACHABLE_CODE = YES;
				CLANG_WARN__DUPLICATE_METHOD_MATCH = YES;
				COPY_PHASE_STRIP = NO;
				DEBUG_INFORMATION_FORMAT = dwarf;
				ENABLE_STRICT_OBJC_MSGSEND = YES;
				ENABLE_TESTABILITY = YES;
				GCC_C_LANGUAGE_STANDARD = gnu11;
				GCC_DYNAMIC_NO_PIC = NO;
				GCC_NO_COMMON_BLOCKS = YES;
				GCC_OPTIMIZATION_LEVEL = 0;
				GCC_PREPROCESSOR_DEFINITIONS = (
					"DEBUG=1",
					"$(inherited)",
				);
				GCC_WARN_64_TO_32_BIT_CONVERSION = YES;
				GCC_WARN_ABOUT_RETURN_TYPE = YES_ERROR;
				GCC_WARN_UNDECLARED_SELECTOR = YES;
				GCC_WARN_UNINITIALIZED_AUTOS = YES_AGGRESSIVE;
				GCC_WARN_UNUSED_FUNCTION = YES;
				GCC_WARN_UNUSED_VARIABLE = YES;
				IPHONEOS_DEPLOYMENT_TARGET = 13.2;
				MTL_ENABLE_DEBUG_INFO = INCLUDE_SOURCE;
				MTL_FAST_MATH = YES;
				ONLY_ACTIVE_ARCH = YES;
				SDKROOT = iphoneos;
				SWIFT_ACTIVE_COMPILATION_CONDITIONS = DEBUG;
				SWIFT_OPTIMIZATION_LEVEL = "-Onone";
			};
			name = Debug;
		};
		783208212456BB7C007D1259 /* Release */ = {
			isa = XCBuildConfiguration;
			buildSettings = {
				ALWAYS_SEARCH_USER_PATHS = NO;
				CLANG_ANALYZER_NONNULL = YES;
				CLANG_ANALYZER_NUMBER_OBJECT_CONVERSION = YES_AGGRESSIVE;
				CLANG_CXX_LANGUAGE_STANDARD = "gnu++14";
				CLANG_CXX_LIBRARY = "libc++";
				CLANG_ENABLE_MODULES = YES;
				CLANG_ENABLE_OBJC_ARC = YES;
				CLANG_ENABLE_OBJC_WEAK = YES;
				CLANG_WARN_BLOCK_CAPTURE_AUTORELEASING = YES;
				CLANG_WARN_BOOL_CONVERSION = YES;
				CLANG_WARN_COMMA = YES;
				CLANG_WARN_CONSTANT_CONVERSION = YES;
				CLANG_WARN_DEPRECATED_OBJC_IMPLEMENTATIONS = YES;
				CLANG_WARN_DIRECT_OBJC_ISA_USAGE = YES_ERROR;
				CLANG_WARN_DOCUMENTATION_COMMENTS = YES;
				CLANG_WARN_EMPTY_BODY = YES;
				CLANG_WARN_ENUM_CONVERSION = YES;
				CLANG_WARN_INFINITE_RECURSION = YES;
				CLANG_WARN_INT_CONVERSION = YES;
				CLANG_WARN_NON_LITERAL_NULL_CONVERSION = YES;
				CLANG_WARN_OBJC_IMPLICIT_RETAIN_SELF = YES;
				CLANG_WARN_OBJC_LITERAL_CONVERSION = YES;
				CLANG_WARN_OBJC_ROOT_CLASS = YES_ERROR;
				CLANG_WARN_RANGE_LOOP_ANALYSIS = YES;
				CLANG_WARN_STRICT_PROTOTYPES = YES;
				CLANG_WARN_SUSPICIOUS_MOVE = YES;
				CLANG_WARN_UNGUARDED_AVAILABILITY = YES_AGGRESSIVE;
				CLANG_WARN_UNREACHABLE_CODE = YES;
				CLANG_WARN__DUPLICATE_METHOD_MATCH = YES;
				COPY_PHASE_STRIP = NO;
				DEBUG_INFORMATION_FORMAT = "dwarf-with-dsym";
				ENABLE_NS_ASSERTIONS = NO;
				ENABLE_STRICT_OBJC_MSGSEND = YES;
				GCC_C_LANGUAGE_STANDARD = gnu11;
				GCC_NO_COMMON_BLOCKS = YES;
				GCC_WARN_64_TO_32_BIT_CONVERSION = YES;
				GCC_WARN_ABOUT_RETURN_TYPE = YES_ERROR;
				GCC_WARN_UNDECLARED_SELECTOR = YES;
				GCC_WARN_UNINITIALIZED_AUTOS = YES_AGGRESSIVE;
				GCC_WARN_UNUSED_FUNCTION = YES;
				GCC_WARN_UNUSED_VARIABLE = YES;
				IPHONEOS_DEPLOYMENT_TARGET = 13.2;
				MTL_ENABLE_DEBUG_INFO = NO;
				MTL_FAST_MATH = YES;
				SDKROOT = iphoneos;
				SWIFT_COMPILATION_MODE = wholemodule;
				SWIFT_OPTIMIZATION_LEVEL = "-O";
				VALIDATE_PRODUCT = YES;
			};
			name = Release;
		};
		783208232456BB7C007D1259 /* Debug */ = {
			isa = XCBuildConfiguration;
			buildSettings = {
				ASSETCATALOG_COMPILER_APPICON_NAME = AppIcon;
				CODE_SIGN_STYLE = Automatic;
				DEVELOPMENT_TEAM = 9KQ925N3K3;
				INFOPLIST_FILE = "$(SRCROOT)/Multitask Blur/Info.plist";
				LD_RUNPATH_SEARCH_PATHS = (
					"$(inherited)",
					"@executable_path/Frameworks",
				);
				PRODUCT_BUNDLE_IDENTIFIER = com.sample.ScreenshootTest;
				PRODUCT_NAME = "$(TARGET_NAME)";
				SWIFT_VERSION = 5.0;
				TARGETED_DEVICE_FAMILY = "1,2";
			};
			name = Debug;
		};
		783208242456BB7C007D1259 /* Release */ = {
			isa = XCBuildConfiguration;
			buildSettings = {
				ASSETCATALOG_COMPILER_APPICON_NAME = AppIcon;
				CODE_SIGN_STYLE = Automatic;
				DEVELOPMENT_TEAM = 9KQ925N3K3;
				INFOPLIST_FILE = "$(SRCROOT)/Multitask Blur/Info.plist";
				LD_RUNPATH_SEARCH_PATHS = (
					"$(inherited)",
					"@executable_path/Frameworks",
				);
				PRODUCT_BUNDLE_IDENTIFIER = com.sample.ScreenshootTest;
				PRODUCT_NAME = "$(TARGET_NAME)";
				SWIFT_VERSION = 5.0;
				TARGETED_DEVICE_FAMILY = "1,2";
			};
			name = Release;
		};
/* End XCBuildConfiguration section */

/* Begin XCConfigurationList section */
		783208092456BB6F007D1259 /* Build configuration list for PBXProject "Multitask Blur" */ = {
			isa = XCConfigurationList;
			buildConfigurations = (
				783208202456BB7C007D1259 /* Debug */,
				783208212456BB7C007D1259 /* Release */,
			);
			defaultConfigurationIsVisible = 0;
			defaultConfigurationName = Release;
		};
		783208222456BB7C007D1259 /* Build configuration list for PBXNativeTarget "Multitask Blur" */ = {
			isa = XCConfigurationList;
			buildConfigurations = (
				783208232456BB7C007D1259 /* Debug */,
				783208242456BB7C007D1259 /* Release */,
			);
			defaultConfigurationIsVisible = 0;
			defaultConfigurationName = Release;
		};
/* End XCConfigurationList section */
	};
	rootObject = 783208062456BB6F007D1259 /* Project object */;
}
