// !$*UTF8*$!
{
	archiveVersion = 1;
	classes = {
	};
	objectVersion = 50;
	objects = {

/* Begin PBXBuildFile section */
		61623BBD24B74EE500E2456A /* AppDelegate.swift in Sources */ = {isa = PBXBuildFile; fileRef = 61623BBC24B74EE500E2456A /* AppDelegate.swift */; };
		61623BBF24B74EE500E2456A /* SceneDelegate.swift in Sources */ = {isa = PBXBuildFile; fileRef = 61623BBE24B74EE500E2456A /* SceneDelegate.swift */; };
		61623BC124B74EE500E2456A /* ViewController.swift in Sources */ = {isa = PBXBuildFile; fileRef = 61623BC024B74EE500E2456A /* ViewController.swift */; };
		61623BC424B74EE500E2456A /* Main.storyboard in Resources */ = {isa = PBXBuildFile; fileRef = 61623BC224B74EE500E2456A /* Main.storyboard */; };
		61623BC624B74EE600E2456A /* Assets.xcassets in Resources */ = {isa = PBXBuildFile; fileRef = 61623BC524B74EE600E2456A /* Assets.xcassets */; };
		61623BC924B74EE600E2456A /* LaunchScreen.storyboard in Resources */ = {isa = PBXBuildFile; fileRef = 61623BC724B74EE600E2456A /* LaunchScreen.storyboard */; };
		61623BD124B8644800E2456A /* ButtonComponent.swift in Sources */ = {isa = PBXBuildFile; fileRef = 61623BD024B8644800E2456A /* ButtonComponent.swift */; };
/* End PBXBuildFile section */

/* Begin PBXFileReference section */
		61623BB924B74EE500E2456A /* PaymentSent.app */ = {isa = PBXFileReference; explicitFileType = wrapper.application; includeInIndex = 0; path = PaymentSent.app; sourceTree = BUILT_PRODUCTS_DIR; };
		61623BBC24B74EE500E2456A /* AppDelegate.swift */ = {isa = PBXFileReference; lastKnownFileType = sourcecode.swift; path = AppDelegate.swift; sourceTree = "<group>"; };
		61623BBE24B74EE500E2456A /* SceneDelegate.swift */ = {isa = PBXFileReference; lastKnownFileType = sourcecode.swift; path = SceneDelegate.swift; sourceTree = "<group>"; };
		61623BC024B74EE500E2456A /* ViewController.swift */ = {isa = PBXFileReference; lastKnownFileType = sourcecode.swift; path = ViewController.swift; sourceTree = "<group>"; };
		61623BC324B74EE500E2456A /* Base */ = {isa = PBXFileReference; lastKnownFileType = file.storyboard; name = Base; path = Base.lproj/Main.storyboard; sourceTree = "<group>"; };
		61623BC524B74EE600E2456A /* Assets.xcassets */ = {isa = PBXFileReference; lastKnownFileType = folder.assetcatalog; path = Assets.xcassets; sourceTree = "<group>"; };
		61623BC824B74EE600E2456A /* Base */ = {isa = PBXFileReference; lastKnownFileType = file.storyboard; name = Base; path = Base.lproj/LaunchScreen.storyboard; sourceTree = "<group>"; };
		61623BCA24B74EE600E2456A /* Info.plist */ = {isa = PBXFileReference; lastKnownFileType = text.plist.xml; path = Info.plist; sourceTree = "<group>"; };
		61623BD024B8644800E2456A /* ButtonComponent.swift */ = {isa = PBXFileReference; lastKnownFileType = sourcecode.swift; path = ButtonComponent.swift; sourceTree = "<group>"; };
/* End PBXFileReference section */

/* Begin PBXFrameworksBuildPhase section */
		61623BB624B74EE500E2456A /* Frameworks */ = {
			isa = PBXFrameworksBuildPhase;
			buildActionMask = 2147483647;
			files = (
			);
			runOnlyForDeploymentPostprocessing = 0;
		};
/* End PBXFrameworksBuildPhase section */

/* Begin PBXGroup section */
		61623BB024B74EE500E2456A = {
			isa = PBXGroup;
			children = (
				61623BBB24B74EE500E2456A /* PaymentSent */,
				61623BBA24B74EE500E2456A /* Products */,
			);
			sourceTree = "<group>";
		};
		61623BBA24B74EE500E2456A /* Products */ = {
			isa = PBXGroup;
			children = (
				61623BB924B74EE500E2456A /* PaymentSent.app */,
			);
			name = Products;
			sourceTree = "<group>";
		};
		61623BBB24B74EE500E2456A /* PaymentSent */ = {
			isa = PBXGroup;
			children = (
				61623BBC24B74EE500E2456A /* AppDelegate.swift */,
				61623BBE24B74EE500E2456A /* SceneDelegate.swift */,
				61623BC024B74EE500E2456A /* ViewController.swift */,
				61623BD024B8644800E2456A /* ButtonComponent.swift */,
				61623BC224B74EE500E2456A /* Main.storyboard */,
				61623BC524B74EE600E2456A /* Assets.xcassets */,
				61623BC724B74EE600E2456A /* LaunchScreen.storyboard */,
				61623BCA24B74EE600E2456A /* Info.plist */,
			);
			path = PaymentSent;
			sourceTree = "<group>";
		};
/* End PBXGroup section */

/* Begin PBXNativeTarget section */
		61623BB824B74EE500E2456A /* PaymentSent */ = {
			isa = PBXNativeTarget;
			buildConfigurationList = 61623BCD24B74EE600E2456A /* Build configuration list for PBXNativeTarget "PaymentSent" */;
			buildPhases = (
				61623BB524B74EE500E2456A /* Sources */,
				61623BB624B74EE500E2456A /* Frameworks */,
				61623BB724B74EE500E2456A /* Resources */,
			);
			buildRules = (
			);
			dependencies = (
			);
			name = PaymentSent;
			productName = PaymentSent;
			productReference = 61623BB924B74EE500E2456A /* PaymentSent.app */;
			productType = "com.apple.product-type.application";
		};
/* End PBXNativeTarget section */

/* Begin PBXProject section */
		61623BB124B74EE500E2456A /* Project object */ = {
			isa = PBXProject;
			attributes = {
				LastSwiftUpdateCheck = 1150;
				LastUpgradeCheck = 1150;
				ORGANIZATIONNAME = "Daniel Sutcliffe";
				TargetAttributes = {
					61623BB824B74EE500E2456A = {
						CreatedOnToolsVersion = 11.5;
					};
				};
			};
			buildConfigurationList = 61623BB424B74EE500E2456A /* Build configuration list for PBXProject "PaymentSent" */;
			compatibilityVersion = "Xcode 9.3";
			developmentRegion = en;
			hasScannedForEncodings = 0;
			knownRegions = (
				en,
				Base,
			);
			mainGroup = 61623BB024B74EE500E2456A;
			productRefGroup = 61623BBA24B74EE500E2456A /* Products */;
			projectDirPath = "";
			projectRoot = "";
			targets = (
				61623BB824B74EE500E2456A /* PaymentSent */,
			);
		};
/* End PBXProject section */

/* Begin PBXResourcesBuildPhase section */
		61623BB724B74EE500E2456A /* Resources */ = {
			isa = PBXResourcesBuildPhase;
			buildActionMask = 2147483647;
			files = (
				61623BC924B74EE600E2456A /* LaunchScreen.storyboard in Resources */,
				61623BC624B74EE600E2456A /* Assets.xcassets in Resources */,
				61623BC424B74EE500E2456A /* Main.storyboard in Resources */,
			);
			runOnlyForDeploymentPostprocessing = 0;
		};
/* End PBXResourcesBuildPhase section */

/* Begin PBXSourcesBuildPhase section */
		61623BB524B74EE500E2456A /* Sources */ = {
			isa = PBXSourcesBuildPhase;
			buildActionMask = 2147483647;
			files = (
				61623BC124B74EE500E2456A /* ViewController.swift in Sources */,
				61623BBD24B74EE500E2456A /* AppDelegate.swift in Sources */,
				61623BBF24B74EE500E2456A /* SceneDelegate.swift in Sources */,
				61623BD124B8644800E2456A /* ButtonComponent.swift in Sources */,
			);
			runOnlyForDeploymentPostprocessing = 0;
		};
/* End PBXSourcesBuildPhase section */

/* Begin PBXVariantGroup section */
		61623BC224B74EE500E2456A /* Main.storyboard */ = {
			isa = PBXVariantGroup;
			children = (
				61623BC324B74EE500E2456A /* Base */,
			);
			name = Main.storyboard;
			sourceTree = "<group>";
		};
		61623BC724B74EE600E2456A /* LaunchScreen.storyboard */ = {
			isa = PBXVariantGroup;
			children = (
				61623BC824B74EE600E2456A /* Base */,
			);
			name = LaunchScreen.storyboard;
			sourceTree = "<group>";
		};
/* End PBXVariantGroup section */

/* Begin XCBuildConfiguration section */
		61623BCB24B74EE600E2456A /* Debug */ = {
			isa = XCBuildConfiguration;
			buildSettings = {
				ALWAYS_SEARCH_USER_PATHS = NO;
				CLANG_ANALYZER_NONNULL = YES;
				CLANG_ANALYZER_NUMBER_OBJECT_CONVERSION = YES_AGGRESSIVE;
				CLANG_CXX_LANGUAGE_STANDARD = "gnu++14";
				CLANG_CXX_LIBRARY = "libc++";
				CLANG_ENABLE_MODULES = YES;
				CLANG_ENABLE_OBJC_ARC = YES;
				CLANG_ENABLE_OBJC_WEAK = YES;
				CLANG_WARN_BLOCK_CAPTURE_AUTORELEASING = YES;
				CLANG_WARN_BOOL_CONVERSION = YES;
				CLANG_WARN_COMMA = YES;
				CLANG_WARN_CONSTANT_CONVERSION = YES;
				CLANG_WARN_DEPRECATED_OBJC_IMPLEMENTATIONS = YES;
				CLANG_WARN_DIRECT_OBJC_ISA_USAGE = YES_ERROR;
				CLANG_WARN_DOCUMENTATION_COMMENTS = YES;
				CLANG_WARN_EMPTY_BODY = YES;
				CLANG_WARN_ENUM_CONVERSION = YES;
				CLANG_WARN_INFINITE_RECURSION = YES;
				CLANG_WARN_INT_CONVERSION = YES;
				CLANG_WARN_NON_LITERAL_NULL_CONVERSION = YES;
				CLANG_WARN_OBJC_IMPLICIT_RETAIN_SELF = YES;
				CLANG_WARN_OBJC_LITERAL_CONVERSION = YES;
				CLANG_WARN_OBJC_ROOT_CLASS = YES_ERROR;
				CLANG_WARN_RANGE_LOOP_ANALYSIS = YES;
				CLANG_WARN_STRICT_PROTOTYPES = YES;
				CLANG_WARN_SUSPICIOUS_MOVE = YES;
				CLANG_WARN_UNGUARDED_AVAILABILITY = YES_AGGRESSIVE;
				CLANG_WARN_UNREACHABLE_CODE = YES;
				CLANG_WARN__DUPLICATE_METHOD_MATCH = YES;
				COPY_PHASE_STRIP = NO;
				DEBUG_INFORMATION_FORMAT = dwarf;
				ENABLE_STRICT_OBJC_MSGSEND = YES;
				ENABLE_TESTABILITY = YES;
				GCC_C_LANGUAGE_STANDARD = gnu11;
				GCC_DYNAMIC_NO_PIC = NO;
				GCC_NO_COMMON_BLOCKS = YES;
				GCC_OPTIMIZATION_LEVEL = 0;
				GCC_PREPROCESSOR_DEFINITIONS = (
					"DEBUG=1",
					"$(inherited)",
				);
				GCC_WARN_64_TO_32_BIT_CONVERSION = YES;
				GCC_WARN_ABOUT_RETURN_TYPE = YES_ERROR;
				GCC_WARN_UNDECLARED_SELECTOR = YES;
				GCC_WARN_UNINITIALIZED_AUTOS = YES_AGGRESSIVE;
				GCC_WARN_UNUSED_FUNCTION = YES;
				GCC_WARN_UNUSED_VARIABLE = YES;
				IPHONEOS_DEPLOYMENT_TARGET = 13.5;
				MTL_ENABLE_DEBUG_INFO = INCLUDE_SOURCE;
				MTL_FAST_MATH = YES;
				ONLY_ACTIVE_ARCH = YES;
				SDKROOT = iphoneos;
				SWIFT_ACTIVE_COMPILATION_CONDITIONS = DEBUG;
				SWIFT_OPTIMIZATION_LEVEL = "-Onone";
			};
			name = Debug;
		};
		61623BCC24B74EE600E2456A /* Release */ = {
			isa = XCBuildConfiguration;
			buildSettings = {
				ALWAYS_SEARCH_USER_PATHS = NO;
				CLANG_ANALYZER_NONNULL = YES;
				CLANG_ANALYZER_NUMBER_OBJECT_CONVERSION = YES_AGGRESSIVE;
				CLANG_CXX_LANGUAGE_STANDARD = "gnu++14";
				CLANG_CXX_LIBRARY = "libc++";
				CLANG_ENABLE_MODULES = YES;
				CLANG_ENABLE_OBJC_ARC = YES;
				CLANG_ENABLE_OBJC_WEAK = YES;
				CLANG_WARN_BLOCK_CAPTURE_AUTORELEASING = YES;
				CLANG_WARN_BOOL_CONVERSION = YES;
				CLANG_WARN_COMMA = YES;
				CLANG_WARN_CONSTANT_CONVERSION = YES;
				CLANG_WARN_DEPRECATED_OBJC_IMPLEMENTATIONS = YES;
				CLANG_WARN_DIRECT_OBJC_ISA_USAGE = YES_ERROR;
				CLANG_WARN_DOCUMENTATION_COMMENTS = YES;
				CLANG_WARN_EMPTY_BODY = YES;
				CLANG_WARN_ENUM_CONVERSION = YES;
				CLANG_WARN_INFINITE_RECURSION = YES;
				CLANG_WARN_INT_CONVERSION = YES;
				CLANG_WARN_NON_LITERAL_NULL_CONVERSION = YES;
				CLANG_WARN_OBJC_IMPLICIT_RETAIN_SELF = YES;
				CLANG_WARN_OBJC_LITERAL_CONVERSION = YES;
				CLANG_WARN_OBJC_ROOT_CLASS = YES_ERROR;
				CLANG_WARN_RANGE_LOOP_ANALYSIS = YES;
				CLANG_WARN_STRICT_PROTOTYPES = YES;
				CLANG_WARN_SUSPICIOUS_MOVE = YES;
				CLANG_WARN_UNGUARDED_AVAILABILITY = YES_AGGRESSIVE;
				CLANG_WARN_UNREACHABLE_CODE = YES;
				CLANG_WARN__DUPLICATE_METHOD_MATCH = YES;
				COPY_PHASE_STRIP = NO;
				DEBUG_INFORMATION_FORMAT = "dwarf-with-dsym";
				ENABLE_NS_ASSERTIONS = NO;
				ENABLE_STRICT_OBJC_MSGSEND = YES;
				GCC_C_LANGUAGE_STANDARD = gnu11;
				GCC_NO_COMMON_BLOCKS = YES;
				GCC_WARN_64_TO_32_BIT_CONVERSION = YES;
				GCC_WARN_ABOUT_RETURN_TYPE = YES_ERROR;
				GCC_WARN_UNDECLARED_SELECTOR = YES;
				GCC_WARN_UNINITIALIZED_AUTOS = YES_AGGRESSIVE;
				GCC_WARN_UNUSED_FUNCTION = YES;
				GCC_WARN_UNUSED_VARIABLE = YES;
				IPHONEOS_DEPLOYMENT_TARGET = 13.5;
				MTL_ENABLE_DEBUG_INFO = NO;
				MTL_FAST_MATH = YES;
				SDKROOT = iphoneos;
				SWIFT_COMPILATION_MODE = wholemodule;
				SWIFT_OPTIMIZATION_LEVEL = "-O";
				VALIDATE_PRODUCT = YES;
			};
			name = Release;
		};
		61623BCE24B74EE600E2456A /* Debug */ = {
			isa = XCBuildConfiguration;
			buildSettings = {
				ASSETCATALOG_COMPILER_APPICON_NAME = AppIcon;
				CODE_SIGN_STYLE = Automatic;
				DEVELOPMENT_TEAM = 9KQ925N3K3;
				INFOPLIST_FILE = PaymentSent/Info.plist;
				LD_RUNPATH_SEARCH_PATHS = (
					"$(inherited)",
					"@executable_path/Frameworks",
				);
				PRODUCT_BUNDLE_IDENTIFIER = com.jaydan.PaymentSent;
				PRODUCT_NAME = "$(TARGET_NAME)";
				SWIFT_VERSION = 5.0;
				TARGETED_DEVICE_FAMILY = "1,2";
			};
			name = Debug;
		};
		61623BCF24B74EE600E2456A /* Release */ = {
			isa = XCBuildConfiguration;
			buildSettings = {
				ASSETCATALOG_COMPILER_APPICON_NAME = AppIcon;
				CODE_SIGN_STYLE = Automatic;
				DEVELOPMENT_TEAM = 9KQ925N3K3;
				INFOPLIST_FILE = PaymentSent/Info.plist;
				LD_RUNPATH_SEARCH_PATHS = (
					"$(inherited)",
					"@executable_path/Frameworks",
				);
				PRODUCT_BUNDLE_IDENTIFIER = com.jaydan.PaymentSent;
				PRODUCT_NAME = "$(TARGET_NAME)";
				SWIFT_VERSION = 5.0;
				TARGETED_DEVICE_FAMILY = "1,2";
			};
			name = Release;
		};
/* End XCBuildConfiguration section */

/* Begin XCConfigurationList section */
		61623BB424B74EE500E2456A /* Build configuration list for PBXProject "PaymentSent" */ = {
			isa = XCConfigurationList;
			buildConfigurations = (
				61623BCB24B74EE600E2456A /* Debug */,
				61623BCC24B74EE600E2456A /* Release */,
			);
			defaultConfigurationIsVisible = 0;
			defaultConfigurationName = Release;
		};
		61623BCD24B74EE600E2456A /* Build configuration list for PBXNativeTarget "PaymentSent" */ = {
			isa = XCConfigurationList;
			buildConfigurations = (
				61623BCE24B74EE600E2456A /* Debug */,
				61623BCF24B74EE600E2456A /* Release */,
			);
			defaultConfigurationIsVisible = 0;
			defaultConfigurationName = Release;
		};
/* End XCConfigurationList section */
	};
	rootObject = 61623BB124B74EE500E2456A /* Project object */;
}
