// !$*UTF8*$!
{
	archiveVersion = 1;
	classes = {
	};
	objectVersion = 50;
	objects = {

/* Begin PBXBuildFile section */
		61DB11F024D99F3300BAB3AA /* AppDelegate.swift in Sources */ = {isa = PBXBuildFile; fileRef = 61DB11EF24D99F3300BAB3AA /* AppDelegate.swift */; };
		61DB11F224D99F3300BAB3AA /* SceneDelegate.swift in Sources */ = {isa = PBXBuildFile; fileRef = 61DB11F124D99F3300BAB3AA /* SceneDelegate.swift */; };
		61DB11F424D99F3300BAB3AA /* ViewController.swift in Sources */ = {isa = PBXBuildFile; fileRef = 61DB11F324D99F3300BAB3AA /* ViewController.swift */; };
		61DB11F724D99F3300BAB3AA /* Main.storyboard in Resources */ = {isa = PBXBuildFile; fileRef = 61DB11F524D99F3300BAB3AA /* Main.storyboard */; };
		61DB11F924D99F3500BAB3AA /* Assets.xcassets in Resources */ = {isa = PBXBuildFile; fileRef = 61DB11F824D99F3500BAB3AA /* Assets.xcassets */; };
		61DB11FC24D99F3500BAB3AA /* LaunchScreen.storyboard in Resources */ = {isa = PBXBuildFile; fileRef = 61DB11FA24D99F3500BAB3AA /* LaunchScreen.storyboard */; };
/* End PBXBuildFile section */

/* Begin PBXFileReference section */
		61DB11EC24D99F3300BAB3AA /* AmountField.app */ = {isa = PBXFileReference; explicitFileType = wrapper.application; includeInIndex = 0; path = AmountField.app; sourceTree = BUILT_PRODUCTS_DIR; };
		61DB11EF24D99F3300BAB3AA /* AppDelegate.swift */ = {isa = PBXFileReference; lastKnownFileType = sourcecode.swift; path = AppDelegate.swift; sourceTree = "<group>"; };
		61DB11F124D99F3300BAB3AA /* SceneDelegate.swift */ = {isa = PBXFileReference; lastKnownFileType = sourcecode.swift; path = SceneDelegate.swift; sourceTree = "<group>"; };
		61DB11F324D99F3300BAB3AA /* ViewController.swift */ = {isa = PBXFileReference; lastKnownFileType = sourcecode.swift; path = ViewController.swift; sourceTree = "<group>"; };
		61DB11F624D99F3300BAB3AA /* Base */ = {isa = PBXFileReference; lastKnownFileType = file.storyboard; name = Base; path = Base.lproj/Main.storyboard; sourceTree = "<group>"; };
		61DB11F824D99F3500BAB3AA /* Assets.xcassets */ = {isa = PBXFileReference; lastKnownFileType = folder.assetcatalog; path = Assets.xcassets; sourceTree = "<group>"; };
		61DB11FB24D99F3500BAB3AA /* Base */ = {isa = PBXFileReference; lastKnownFileType = file.storyboard; name = Base; path = Base.lproj/LaunchScreen.storyboard; sourceTree = "<group>"; };
		61DB11FD24D99F3500BAB3AA /* Info.plist */ = {isa = PBXFileReference; lastKnownFileType = text.plist.xml; path = Info.plist; sourceTree = "<group>"; };
/* End PBXFileReference section */

/* Begin PBXFrameworksBuildPhase section */
		61DB11E924D99F3300BAB3AA /* Frameworks */ = {
			isa = PBXFrameworksBuildPhase;
			buildActionMask = 2147483647;
			files = (
			);
			runOnlyForDeploymentPostprocessing = 0;
		};
/* End PBXFrameworksBuildPhase section */

/* Begin PBXGroup section */
		61DB11E324D99F3300BAB3AA = {
			isa = PBXGroup;
			children = (
				61DB11EE24D99F3300BAB3AA /* AmountField */,
				61DB11ED24D99F3300BAB3AA /* Products */,
			);
			sourceTree = "<group>";
		};
		61DB11ED24D99F3300BAB3AA /* Products */ = {
			isa = PBXGroup;
			children = (
				61DB11EC24D99F3300BAB3AA /* AmountField.app */,
			);
			name = Products;
			sourceTree = "<group>";
		};
		61DB11EE24D99F3300BAB3AA /* AmountField */ = {
			isa = PBXGroup;
			children = (
				61DB11EF24D99F3300BAB3AA /* AppDelegate.swift */,
				61DB11F124D99F3300BAB3AA /* SceneDelegate.swift */,
				61DB11F324D99F3300BAB3AA /* ViewController.swift */,
				61DB11F524D99F3300BAB3AA /* Main.storyboard */,
				61DB11F824D99F3500BAB3AA /* Assets.xcassets */,
				61DB11FA24D99F3500BAB3AA /* LaunchScreen.storyboard */,
				61DB11FD24D99F3500BAB3AA /* Info.plist */,
			);
			path = AmountField;
			sourceTree = "<group>";
		};
/* End PBXGroup section */

/* Begin PBXNativeTarget section */
		61DB11EB24D99F3300BAB3AA /* AmountField */ = {
			isa = PBXNativeTarget;
			buildConfigurationList = 61DB120024D99F3500BAB3AA /* Build configuration list for PBXNativeTarget "AmountField" */;
			buildPhases = (
				61DB11E824D99F3300BAB3AA /* Sources */,
				61DB11E924D99F3300BAB3AA /* Frameworks */,
				61DB11EA24D99F3300BAB3AA /* Resources */,
			);
			buildRules = (
			);
			dependencies = (
			);
			name = AmountField;
			productName = AmountField;
			productReference = 61DB11EC24D99F3300BAB3AA /* AmountField.app */;
			productType = "com.apple.product-type.application";
		};
/* End PBXNativeTarget section */

/* Begin PBXProject section */
		61DB11E424D99F3300BAB3AA /* Project object */ = {
			isa = PBXProject;
			attributes = {
				LastSwiftUpdateCheck = 1160;
				LastUpgradeCheck = 1160;
				ORGANIZATIONNAME = "Daniel Sutcliffe";
				TargetAttributes = {
					61DB11EB24D99F3300BAB3AA = {
						CreatedOnToolsVersion = 11.6;
					};
				};
			};
			buildConfigurationList = 61DB11E724D99F3300BAB3AA /* Build configuration list for PBXProject "AmountField" */;
			compatibilityVersion = "Xcode 9.3";
			developmentRegion = en;
			hasScannedForEncodings = 0;
			knownRegions = (
				en,
				Base,
			);
			mainGroup = 61DB11E324D99F3300BAB3AA;
			productRefGroup = 61DB11ED24D99F3300BAB3AA /* Products */;
			projectDirPath = "";
			projectRoot = "";
			targets = (
				61DB11EB24D99F3300BAB3AA /* AmountField */,
			);
		};
/* End PBXProject section */

/* Begin PBXResourcesBuildPhase section */
		61DB11EA24D99F3300BAB3AA /* Resources */ = {
			isa = PBXResourcesBuildPhase;
			buildActionMask = 2147483647;
			files = (
				61DB11FC24D99F3500BAB3AA /* LaunchScreen.storyboard in Resources */,
				61DB11F924D99F3500BAB3AA /* Assets.xcassets in Resources */,
				61DB11F724D99F3300BAB3AA /* Main.storyboard in Resources */,
			);
			runOnlyForDeploymentPostprocessing = 0;
		};
/* End PBXResourcesBuildPhase section */

/* Begin PBXSourcesBuildPhase section */
		61DB11E824D99F3300BAB3AA /* Sources */ = {
			isa = PBXSourcesBuildPhase;
			buildActionMask = 2147483647;
			files = (
				61DB11F424D99F3300BAB3AA /* ViewController.swift in Sources */,
				61DB11F024D99F3300BAB3AA /* AppDelegate.swift in Sources */,
				61DB11F224D99F3300BAB3AA /* SceneDelegate.swift in Sources */,
			);
			runOnlyForDeploymentPostprocessing = 0;
		};
/* End PBXSourcesBuildPhase section */

/* Begin PBXVariantGroup section */
		61DB11F524D99F3300BAB3AA /* Main.storyboard */ = {
			isa = PBXVariantGroup;
			children = (
				61DB11F624D99F3300BAB3AA /* Base */,
			);
			name = Main.storyboard;
			sourceTree = "<group>";
		};
		61DB11FA24D99F3500BAB3AA /* LaunchScreen.storyboard */ = {
			isa = PBXVariantGroup;
			children = (
				61DB11FB24D99F3500BAB3AA /* Base */,
			);
			name = LaunchScreen.storyboard;
			sourceTree = "<group>";
		};
/* End PBXVariantGroup section */

/* Begin XCBuildConfiguration section */
		61DB11FE24D99F3500BAB3AA /* Debug */ = {
			isa = XCBuildConfiguration;
			buildSettings = {
				ALWAYS_SEARCH_USER_PATHS = NO;
				CLANG_ANALYZER_NONNULL = YES;
				CLANG_ANALYZER_NUMBER_OBJECT_CONVERSION = YES_AGGRESSIVE;
				CLANG_CXX_LANGUAGE_STANDARD = "gnu++14";
				CLANG_CXX_LIBRARY = "libc++";
				CLANG_ENABLE_MODULES = YES;
				CLANG_ENABLE_OBJC_ARC = YES;
				CLANG_ENABLE_OBJC_WEAK = YES;
				CLANG_WARN_BLOCK_CAPTURE_AUTORELEASING = YES;
				CLANG_WARN_BOOL_CONVERSION = YES;
				CLANG_WARN_COMMA = YES;
				CLANG_WARN_CONSTANT_CONVERSION = YES;
				CLANG_WARN_DEPRECATED_OBJC_IMPLEMENTATIONS = YES;
				CLANG_WARN_DIRECT_OBJC_ISA_USAGE = YES_ERROR;
				CLANG_WARN_DOCUMENTATION_COMMENTS = YES;
				CLANG_WARN_EMPTY_BODY = YES;
				CLANG_WARN_ENUM_CONVERSION = YES;
				CLANG_WARN_INFINITE_RECURSION = YES;
				CLANG_WARN_INT_CONVERSION = YES;
				CLANG_WARN_NON_LITERAL_NULL_CONVERSION = YES;
				CLANG_WARN_OBJC_IMPLICIT_RETAIN_SELF = YES;
				CLANG_WARN_OBJC_LITERAL_CONVERSION = YES;
				CLANG_WARN_OBJC_ROOT_CLASS = YES_ERROR;
				CLANG_WARN_RANGE_LOOP_ANALYSIS = YES;
				CLANG_WARN_STRICT_PROTOTYPES = YES;
				CLANG_WARN_SUSPICIOUS_MOVE = YES;
				CLANG_WARN_UNGUARDED_AVAILABILITY = YES_AGGRESSIVE;
				CLANG_WARN_UNREACHABLE_CODE = YES;
				CLANG_WARN__DUPLICATE_METHOD_MATCH = YES;
				COPY_PHASE_STRIP = NO;
				DEBUG_INFORMATION_FORMAT = dwarf;
				ENABLE_STRICT_OBJC_MSGSEND = YES;
				ENABLE_TESTABILITY = YES;
				GCC_C_LANGUAGE_STANDARD = gnu11;
				GCC_DYNAMIC_NO_PIC = NO;
				GCC_NO_COMMON_BLOCKS = YES;
				GCC_OPTIMIZATION_LEVEL = 0;
				GCC_PREPROCESSOR_DEFINITIONS = (
					"DEBUG=1",
					"$(inherited)",
				);
				GCC_WARN_64_TO_32_BIT_CONVERSION = YES;
				GCC_WARN_ABOUT_RETURN_TYPE = YES_ERROR;
				GCC_WARN_UNDECLARED_SELECTOR = YES;
				GCC_WARN_UNINITIALIZED_AUTOS = YES_AGGRESSIVE;
				GCC_WARN_UNUSED_FUNCTION = YES;
				GCC_WARN_UNUSED_VARIABLE = YES;
				IPHONEOS_DEPLOYMENT_TARGET = 13.6;
				MTL_ENABLE_DEBUG_INFO = INCLUDE_SOURCE;
				MTL_FAST_MATH = YES;
				ONLY_ACTIVE_ARCH = YES;
				SDKROOT = iphoneos;
				SWIFT_ACTIVE_COMPILATION_CONDITIONS = DEBUG;
				SWIFT_OPTIMIZATION_LEVEL = "-Onone";
			};
			name = Debug;
		};
		61DB11FF24D99F3500BAB3AA /* Release */ = {
			isa = XCBuildConfiguration;
			buildSettings = {
				ALWAYS_SEARCH_USER_PATHS = NO;
				CLANG_ANALYZER_NONNULL = YES;
				CLANG_ANALYZER_NUMBER_OBJECT_CONVERSION = YES_AGGRESSIVE;
				CLANG_CXX_LANGUAGE_STANDARD = "gnu++14";
				CLANG_CXX_LIBRARY = "libc++";
				CLANG_ENABLE_MODULES = YES;
				CLANG_ENABLE_OBJC_ARC = YES;
				CLANG_ENABLE_OBJC_WEAK = YES;
				CLANG_WARN_BLOCK_CAPTURE_AUTORELEASING = YES;
				CLANG_WARN_BOOL_CONVERSION = YES;
				CLANG_WARN_COMMA = YES;
				CLANG_WARN_CONSTANT_CONVERSION = YES;
				CLANG_WARN_DEPRECATED_OBJC_IMPLEMENTATIONS = YES;
				CLANG_WARN_DIRECT_OBJC_ISA_USAGE = YES_ERROR;
				CLANG_WARN_DOCUMENTATION_COMMENTS = YES;
				CLANG_WARN_EMPTY_BODY = YES;
				CLANG_WARN_ENUM_CONVERSION = YES;
				CLANG_WARN_INFINITE_RECURSION = YES;
				CLANG_WARN_INT_CONVERSION = YES;
				CLANG_WARN_NON_LITERAL_NULL_CONVERSION = YES;
				CLANG_WARN_OBJC_IMPLICIT_RETAIN_SELF = YES;
				CLANG_WARN_OBJC_LITERAL_CONVERSION = YES;
				CLANG_WARN_OBJC_ROOT_CLASS = YES_ERROR;
				CLANG_WARN_RANGE_LOOP_ANALYSIS = YES;
				CLANG_WARN_STRICT_PROTOTYPES = YES;
				CLANG_WARN_SUSPICIOUS_MOVE = YES;
				CLANG_WARN_UNGUARDED_AVAILABILITY = YES_AGGRESSIVE;
				CLANG_WARN_UNREACHABLE_CODE = YES;
				CLANG_WARN__DUPLICATE_METHOD_MATCH = YES;
				COPY_PHASE_STRIP = NO;
				DEBUG_INFORMATION_FORMAT = "dwarf-with-dsym";
				ENABLE_NS_ASSERTIONS = NO;
				ENABLE_STRICT_OBJC_MSGSEND = YES;
				GCC_C_LANGUAGE_STANDARD = gnu11;
				GCC_NO_COMMON_BLOCKS = YES;
				GCC_WARN_64_TO_32_BIT_CONVERSION = YES;
				GCC_WARN_ABOUT_RETURN_TYPE = YES_ERROR;
				GCC_WARN_UNDECLARED_SELECTOR = YES;
				GCC_WARN_UNINITIALIZED_AUTOS = YES_AGGRESSIVE;
				GCC_WARN_UNUSED_FUNCTION = YES;
				GCC_WARN_UNUSED_VARIABLE = YES;
				IPHONEOS_DEPLOYMENT_TARGET = 13.6;
				MTL_ENABLE_DEBUG_INFO = NO;
				MTL_FAST_MATH = YES;
				SDKROOT = iphoneos;
				SWIFT_COMPILATION_MODE = wholemodule;
				SWIFT_OPTIMIZATION_LEVEL = "-O";
				VALIDATE_PRODUCT = YES;
			};
			name = Release;
		};
		61DB120124D99F3500BAB3AA /* Debug */ = {
			isa = XCBuildConfiguration;
			buildSettings = {
				ASSETCATALOG_COMPILER_APPICON_NAME = AppIcon;
				CODE_SIGN_STYLE = Automatic;
				DEVELOPMENT_TEAM = 9KQ925N3K3;
				INFOPLIST_FILE = AmountField/Info.plist;
				LD_RUNPATH_SEARCH_PATHS = (
					"$(inherited)",
					"@executable_path/Frameworks",
				);
				PRODUCT_BUNDLE_IDENTIFIER = com.jaydan.AmountField;
				PRODUCT_NAME = "$(TARGET_NAME)";
				SWIFT_VERSION = 5.0;
				TARGETED_DEVICE_FAMILY = "1,2";
			};
			name = Debug;
		};
		61DB120224D99F3500BAB3AA /* Release */ = {
			isa = XCBuildConfiguration;
			buildSettings = {
				ASSETCATALOG_COMPILER_APPICON_NAME = AppIcon;
				CODE_SIGN_STYLE = Automatic;
				DEVELOPMENT_TEAM = 9KQ925N3K3;
				INFOPLIST_FILE = AmountField/Info.plist;
				LD_RUNPATH_SEARCH_PATHS = (
					"$(inherited)",
					"@executable_path/Frameworks",
				);
				PRODUCT_BUNDLE_IDENTIFIER = com.jaydan.AmountField;
				PRODUCT_NAME = "$(TARGET_NAME)";
				SWIFT_VERSION = 5.0;
				TARGETED_DEVICE_FAMILY = "1,2";
			};
			name = Release;
		};
/* End XCBuildConfiguration section */

/* Begin XCConfigurationList section */
		61DB11E724D99F3300BAB3AA /* Build configuration list for PBXProject "AmountField" */ = {
			isa = XCConfigurationList;
			buildConfigurations = (
				61DB11FE24D99F3500BAB3AA /* Debug */,
				61DB11FF24D99F3500BAB3AA /* Release */,
			);
			defaultConfigurationIsVisible = 0;
			defaultConfigurationName = Release;
		};
		61DB120024D99F3500BAB3AA /* Build configuration list for PBXNativeTarget "AmountField" */ = {
			isa = XCConfigurationList;
			buildConfigurations = (
				61DB120124D99F3500BAB3AA /* Debug */,
				61DB120224D99F3500BAB3AA /* Release */,
			);
			defaultConfigurationIsVisible = 0;
			defaultConfigurationName = Release;
		};
/* End XCConfigurationList section */
	};
	rootObject = 61DB11E424D99F3300BAB3AA /* Project object */;
}
