// !$*UTF8*$!
{
	archiveVersion = 1;
	classes = {
	};
	objectVersion = 50;
	objects = {

/* Begin PBXBuildFile section */
		6143AF19248699A200F8F5A9 /* AppDelegate.swift in Sources */ = {isa = PBXBuildFile; fileRef = 6143AF18248699A200F8F5A9 /* AppDelegate.swift */; };
		6143AF1B248699A200F8F5A9 /* SceneDelegate.swift in Sources */ = {isa = PBXBuildFile; fileRef = 6143AF1A248699A200F8F5A9 /* SceneDelegate.swift */; };
		6143AF1D248699A200F8F5A9 /* ViewController.swift in Sources */ = {isa = PBXBuildFile; fileRef = 6143AF1C248699A200F8F5A9 /* ViewController.swift */; };
		6143AF20248699A200F8F5A9 /* Main.storyboard in Resources */ = {isa = PBXBuildFile; fileRef = 6143AF1E248699A200F8F5A9 /* Main.storyboard */; };
		6143AF22248699A300F8F5A9 /* Assets.xcassets in Resources */ = {isa = PBXBuildFile; fileRef = 6143AF21248699A300F8F5A9 /* Assets.xcassets */; };
		6143AF25248699A300F8F5A9 /* LaunchScreen.storyboard in Resources */ = {isa = PBXBuildFile; fileRef = 6143AF23248699A300F8F5A9 /* LaunchScreen.storyboard */; };
		6143AF2F24869AA300F8F5A9 /* ViewModelTests.swift in Sources */ = {isa = PBXBuildFile; fileRef = 6143AF2E24869AA300F8F5A9 /* ViewModelTests.swift */; };
		6143AF3124869AFD00F8F5A9 /* ViewModel.swift in Sources */ = {isa = PBXBuildFile; fileRef = 6143AF3024869AFD00F8F5A9 /* ViewModel.swift */; };
/* End PBXBuildFile section */

/* Begin PBXFileReference section */
		6143AF15248699A200F8F5A9 /* Unit Test.app */ = {isa = PBXFileReference; explicitFileType = wrapper.application; includeInIndex = 0; path = "Unit Test.app"; sourceTree = BUILT_PRODUCTS_DIR; };
		6143AF18248699A200F8F5A9 /* AppDelegate.swift */ = {isa = PBXFileReference; lastKnownFileType = sourcecode.swift; path = AppDelegate.swift; sourceTree = "<group>"; };
		6143AF1A248699A200F8F5A9 /* SceneDelegate.swift */ = {isa = PBXFileReference; lastKnownFileType = sourcecode.swift; path = SceneDelegate.swift; sourceTree = "<group>"; };
		6143AF1C248699A200F8F5A9 /* ViewController.swift */ = {isa = PBXFileReference; lastKnownFileType = sourcecode.swift; path = ViewController.swift; sourceTree = "<group>"; };
		6143AF1F248699A200F8F5A9 /* Base */ = {isa = PBXFileReference; lastKnownFileType = file.storyboard; name = Base; path = Base.lproj/Main.storyboard; sourceTree = "<group>"; };
		6143AF21248699A300F8F5A9 /* Assets.xcassets */ = {isa = PBXFileReference; lastKnownFileType = folder.assetcatalog; path = Assets.xcassets; sourceTree = "<group>"; };
		6143AF24248699A300F8F5A9 /* Base */ = {isa = PBXFileReference; lastKnownFileType = file.storyboard; name = Base; path = Base.lproj/LaunchScreen.storyboard; sourceTree = "<group>"; };
		6143AF26248699A300F8F5A9 /* Info.plist */ = {isa = PBXFileReference; lastKnownFileType = text.plist.xml; path = Info.plist; sourceTree = "<group>"; };
		6143AF2E24869AA300F8F5A9 /* ViewModelTests.swift */ = {isa = PBXFileReference; lastKnownFileType = sourcecode.swift; path = ViewModelTests.swift; sourceTree = "<group>"; };
		6143AF3024869AFD00F8F5A9 /* ViewModel.swift */ = {isa = PBXFileReference; lastKnownFileType = sourcecode.swift; path = ViewModel.swift; sourceTree = "<group>"; };
/* End PBXFileReference section */

/* Begin PBXFrameworksBuildPhase section */
		6143AF12248699A200F8F5A9 /* Frameworks */ = {
			isa = PBXFrameworksBuildPhase;
			buildActionMask = 2147483647;
			files = (
			);
			runOnlyForDeploymentPostprocessing = 0;
		};
/* End PBXFrameworksBuildPhase section */

/* Begin PBXGroup section */
		6143AF0C248699A200F8F5A9 = {
			isa = PBXGroup;
			children = (
				6143AF17248699A200F8F5A9 /* Unit Test */,
				6143AF16248699A200F8F5A9 /* Products */,
			);
			sourceTree = "<group>";
		};
		6143AF16248699A200F8F5A9 /* Products */ = {
			isa = PBXGroup;
			children = (
				6143AF15248699A200F8F5A9 /* Unit Test.app */,
			);
			name = Products;
			sourceTree = "<group>";
		};
		6143AF17248699A200F8F5A9 /* Unit Test */ = {
			isa = PBXGroup;
			children = (
				6143AF18248699A200F8F5A9 /* AppDelegate.swift */,
				6143AF1A248699A200F8F5A9 /* SceneDelegate.swift */,
				6143AF1C248699A200F8F5A9 /* ViewController.swift */,
				6143AF1E248699A200F8F5A9 /* Main.storyboard */,
				6143AF21248699A300F8F5A9 /* Assets.xcassets */,
				6143AF23248699A300F8F5A9 /* LaunchScreen.storyboard */,
				6143AF26248699A300F8F5A9 /* Info.plist */,
				6143AF2E24869AA300F8F5A9 /* ViewModelTests.swift */,
				6143AF3024869AFD00F8F5A9 /* ViewModel.swift */,
			);
			path = "Unit Test";
			sourceTree = "<group>";
		};
/* End PBXGroup section */

/* Begin PBXNativeTarget section */
		6143AF14248699A200F8F5A9 /* Unit Test */ = {
			isa = PBXNativeTarget;
			buildConfigurationList = 6143AF29248699A300F8F5A9 /* Build configuration list for PBXNativeTarget "Unit Test" */;
			buildPhases = (
				6143AF11248699A200F8F5A9 /* Sources */,
				6143AF12248699A200F8F5A9 /* Frameworks */,
				6143AF13248699A200F8F5A9 /* Resources */,
			);
			buildRules = (
			);
			dependencies = (
			);
			name = "Unit Test";
			productName = "Unit Test";
			productReference = 6143AF15248699A200F8F5A9 /* Unit Test.app */;
			productType = "com.apple.product-type.application";
		};
/* End PBXNativeTarget section */

/* Begin PBXProject section */
		6143AF0D248699A200F8F5A9 /* Project object */ = {
			isa = PBXProject;
			attributes = {
				LastSwiftUpdateCheck = 1150;
				LastUpgradeCheck = 1150;
				ORGANIZATIONNAME = "Daniel Sutcliffe";
				TargetAttributes = {
					6143AF14248699A200F8F5A9 = {
						CreatedOnToolsVersion = 11.5;
					};
				};
			};
			buildConfigurationList = 6143AF10248699A200F8F5A9 /* Build configuration list for PBXProject "Unit Test" */;
			compatibilityVersion = "Xcode 9.3";
			developmentRegion = en;
			hasScannedForEncodings = 0;
			knownRegions = (
				en,
				Base,
			);
			mainGroup = 6143AF0C248699A200F8F5A9;
			productRefGroup = 6143AF16248699A200F8F5A9 /* Products */;
			projectDirPath = "";
			projectRoot = "";
			targets = (
				6143AF14248699A200F8F5A9 /* Unit Test */,
			);
		};
/* End PBXProject section */

/* Begin PBXResourcesBuildPhase section */
		6143AF13248699A200F8F5A9 /* Resources */ = {
			isa = PBXResourcesBuildPhase;
			buildActionMask = 2147483647;
			files = (
				6143AF25248699A300F8F5A9 /* LaunchScreen.storyboard in Resources */,
				6143AF22248699A300F8F5A9 /* Assets.xcassets in Resources */,
				6143AF20248699A200F8F5A9 /* Main.storyboard in Resources */,
			);
			runOnlyForDeploymentPostprocessing = 0;
		};
/* End PBXResourcesBuildPhase section */

/* Begin PBXSourcesBuildPhase section */
		6143AF11248699A200F8F5A9 /* Sources */ = {
			isa = PBXSourcesBuildPhase;
			buildActionMask = 2147483647;
			files = (
				6143AF3124869AFD00F8F5A9 /* ViewModel.swift in Sources */,
				6143AF1D248699A200F8F5A9 /* ViewController.swift in Sources */,
				6143AF19248699A200F8F5A9 /* AppDelegate.swift in Sources */,
				6143AF2F24869AA300F8F5A9 /* ViewModelTests.swift in Sources */,
				6143AF1B248699A200F8F5A9 /* SceneDelegate.swift in Sources */,
			);
			runOnlyForDeploymentPostprocessing = 0;
		};
/* End PBXSourcesBuildPhase section */

/* Begin PBXVariantGroup section */
		6143AF1E248699A200F8F5A9 /* Main.storyboard */ = {
			isa = PBXVariantGroup;
			children = (
				6143AF1F248699A200F8F5A9 /* Base */,
			);
			name = Main.storyboard;
			sourceTree = "<group>";
		};
		6143AF23248699A300F8F5A9 /* LaunchScreen.storyboard */ = {
			isa = PBXVariantGroup;
			children = (
				6143AF24248699A300F8F5A9 /* Base */,
			);
			name = LaunchScreen.storyboard;
			sourceTree = "<group>";
		};
/* End PBXVariantGroup section */

/* Begin XCBuildConfiguration section */
		6143AF27248699A300F8F5A9 /* Debug */ = {
			isa = XCBuildConfiguration;
			buildSettings = {
				ALWAYS_SEARCH_USER_PATHS = NO;
				CLANG_ANALYZER_NONNULL = YES;
				CLANG_ANALYZER_NUMBER_OBJECT_CONVERSION = YES_AGGRESSIVE;
				CLANG_CXX_LANGUAGE_STANDARD = "gnu++14";
				CLANG_CXX_LIBRARY = "libc++";
				CLANG_ENABLE_MODULES = YES;
				CLANG_ENABLE_OBJC_ARC = YES;
				CLANG_ENABLE_OBJC_WEAK = YES;
				CLANG_WARN_BLOCK_CAPTURE_AUTORELEASING = YES;
				CLANG_WARN_BOOL_CONVERSION = YES;
				CLANG_WARN_COMMA = YES;
				CLANG_WARN_CONSTANT_CONVERSION = YES;
				CLANG_WARN_DEPRECATED_OBJC_IMPLEMENTATIONS = YES;
				CLANG_WARN_DIRECT_OBJC_ISA_USAGE = YES_ERROR;
				CLANG_WARN_DOCUMENTATION_COMMENTS = YES;
				CLANG_WARN_EMPTY_BODY = YES;
				CLANG_WARN_ENUM_CONVERSION = YES;
				CLANG_WARN_INFINITE_RECURSION = YES;
				CLANG_WARN_INT_CONVERSION = YES;
				CLANG_WARN_NON_LITERAL_NULL_CONVERSION = YES;
				CLANG_WARN_OBJC_IMPLICIT_RETAIN_SELF = YES;
				CLANG_WARN_OBJC_LITERAL_CONVERSION = YES;
				CLANG_WARN_OBJC_ROOT_CLASS = YES_ERROR;
				CLANG_WARN_RANGE_LOOP_ANALYSIS = YES;
				CLANG_WARN_STRICT_PROTOTYPES = YES;
				CLANG_WARN_SUSPICIOUS_MOVE = YES;
				CLANG_WARN_UNGUARDED_AVAILABILITY = YES_AGGRESSIVE;
				CLANG_WARN_UNREACHABLE_CODE = YES;
				CLANG_WARN__DUPLICATE_METHOD_MATCH = YES;
				COPY_PHASE_STRIP = NO;
				DEBUG_INFORMATION_FORMAT = dwarf;
				ENABLE_STRICT_OBJC_MSGSEND = YES;
				ENABLE_TESTABILITY = YES;
				GCC_C_LANGUAGE_STANDARD = gnu11;
				GCC_DYNAMIC_NO_PIC = NO;
				GCC_NO_COMMON_BLOCKS = YES;
				GCC_OPTIMIZATION_LEVEL = 0;
				GCC_PREPROCESSOR_DEFINITIONS = (
					"DEBUG=1",
					"$(inherited)",
				);
				GCC_WARN_64_TO_32_BIT_CONVERSION = YES;
				GCC_WARN_ABOUT_RETURN_TYPE = YES_ERROR;
				GCC_WARN_UNDECLARED_SELECTOR = YES;
				GCC_WARN_UNINITIALIZED_AUTOS = YES_AGGRESSIVE;
				GCC_WARN_UNUSED_FUNCTION = YES;
				GCC_WARN_UNUSED_VARIABLE = YES;
				IPHONEOS_DEPLOYMENT_TARGET = 13.5;
				MTL_ENABLE_DEBUG_INFO = INCLUDE_SOURCE;
				MTL_FAST_MATH = YES;
				ONLY_ACTIVE_ARCH = YES;
				SDKROOT = iphoneos;
				SWIFT_ACTIVE_COMPILATION_CONDITIONS = DEBUG;
				SWIFT_OPTIMIZATION_LEVEL = "-Onone";
			};
			name = Debug;
		};
		6143AF28248699A300F8F5A9 /* Release */ = {
			isa = XCBuildConfiguration;
			buildSettings = {
				ALWAYS_SEARCH_USER_PATHS = NO;
				CLANG_ANALYZER_NONNULL = YES;
				CLANG_ANALYZER_NUMBER_OBJECT_CONVERSION = YES_AGGRESSIVE;
				CLANG_CXX_LANGUAGE_STANDARD = "gnu++14";
				CLANG_CXX_LIBRARY = "libc++";
				CLANG_ENABLE_MODULES = YES;
				CLANG_ENABLE_OBJC_ARC = YES;
				CLANG_ENABLE_OBJC_WEAK = YES;
				CLANG_WARN_BLOCK_CAPTURE_AUTORELEASING = YES;
				CLANG_WARN_BOOL_CONVERSION = YES;
				CLANG_WARN_COMMA = YES;
				CLANG_WARN_CONSTANT_CONVERSION = YES;
				CLANG_WARN_DEPRECATED_OBJC_IMPLEMENTATIONS = YES;
				CLANG_WARN_DIRECT_OBJC_ISA_USAGE = YES_ERROR;
				CLANG_WARN_DOCUMENTATION_COMMENTS = YES;
				CLANG_WARN_EMPTY_BODY = YES;
				CLANG_WARN_ENUM_CONVERSION = YES;
				CLANG_WARN_INFINITE_RECURSION = YES;
				CLANG_WARN_INT_CONVERSION = YES;
				CLANG_WARN_NON_LITERAL_NULL_CONVERSION = YES;
				CLANG_WARN_OBJC_IMPLICIT_RETAIN_SELF = YES;
				CLANG_WARN_OBJC_LITERAL_CONVERSION = YES;
				CLANG_WARN_OBJC_ROOT_CLASS = YES_ERROR;
				CLANG_WARN_RANGE_LOOP_ANALYSIS = YES;
				CLANG_WARN_STRICT_PROTOTYPES = YES;
				CLANG_WARN_SUSPICIOUS_MOVE = YES;
				CLANG_WARN_UNGUARDED_AVAILABILITY = YES_AGGRESSIVE;
				CLANG_WARN_UNREACHABLE_CODE = YES;
				CLANG_WARN__DUPLICATE_METHOD_MATCH = YES;
				COPY_PHASE_STRIP = NO;
				DEBUG_INFORMATION_FORMAT = "dwarf-with-dsym";
				ENABLE_NS_ASSERTIONS = NO;
				ENABLE_STRICT_OBJC_MSGSEND = YES;
				GCC_C_LANGUAGE_STANDARD = gnu11;
				GCC_NO_COMMON_BLOCKS = YES;
				GCC_WARN_64_TO_32_BIT_CONVERSION = YES;
				GCC_WARN_ABOUT_RETURN_TYPE = YES_ERROR;
				GCC_WARN_UNDECLARED_SELECTOR = YES;
				GCC_WARN_UNINITIALIZED_AUTOS = YES_AGGRESSIVE;
				GCC_WARN_UNUSED_FUNCTION = YES;
				GCC_WARN_UNUSED_VARIABLE = YES;
				IPHONEOS_DEPLOYMENT_TARGET = 13.5;
				MTL_ENABLE_DEBUG_INFO = NO;
				MTL_FAST_MATH = YES;
				SDKROOT = iphoneos;
				SWIFT_COMPILATION_MODE = wholemodule;
				SWIFT_OPTIMIZATION_LEVEL = "-O";
				VALIDATE_PRODUCT = YES;
			};
			name = Release;
		};
		6143AF2A248699A300F8F5A9 /* Debug */ = {
			isa = XCBuildConfiguration;
			buildSettings = {
				ASSETCATALOG_COMPILER_APPICON_NAME = AppIcon;
				CODE_SIGN_STYLE = Automatic;
				DEVELOPMENT_TEAM = 9KQ925N3K3;
				INFOPLIST_FILE = "Unit Test/Info.plist";
				LD_RUNPATH_SEARCH_PATHS = (
					"$(inherited)",
					"@executable_path/Frameworks",
				);
				PRODUCT_BUNDLE_IDENTIFIER = "com.jaydan.Unit-Test";
				PRODUCT_NAME = "$(TARGET_NAME)";
				SWIFT_VERSION = 5.0;
				TARGETED_DEVICE_FAMILY = "1,2";
			};
			name = Debug;
		};
		6143AF2B248699A300F8F5A9 /* Release */ = {
			isa = XCBuildConfiguration;
			buildSettings = {
				ASSETCATALOG_COMPILER_APPICON_NAME = AppIcon;
				CODE_SIGN_STYLE = Automatic;
				DEVELOPMENT_TEAM = 9KQ925N3K3;
				INFOPLIST_FILE = "Unit Test/Info.plist";
				LD_RUNPATH_SEARCH_PATHS = (
					"$(inherited)",
					"@executable_path/Frameworks",
				);
				PRODUCT_BUNDLE_IDENTIFIER = "com.jaydan.Unit-Test";
				PRODUCT_NAME = "$(TARGET_NAME)";
				SWIFT_VERSION = 5.0;
				TARGETED_DEVICE_FAMILY = "1,2";
			};
			name = Release;
		};
/* End XCBuildConfiguration section */

/* Begin XCConfigurationList section */
		6143AF10248699A200F8F5A9 /* Build configuration list for PBXProject "Unit Test" */ = {
			isa = XCConfigurationList;
			buildConfigurations = (
				6143AF27248699A300F8F5A9 /* Debug */,
				6143AF28248699A300F8F5A9 /* Release */,
			);
			defaultConfigurationIsVisible = 0;
			defaultConfigurationName = Release;
		};
		6143AF29248699A300F8F5A9 /* Build configuration list for PBXNativeTarget "Unit Test" */ = {
			isa = XCConfigurationList;
			buildConfigurations = (
				6143AF2A248699A300F8F5A9 /* Debug */,
				6143AF2B248699A300F8F5A9 /* Release */,
			);
			defaultConfigurationIsVisible = 0;
			defaultConfigurationName = Release;
		};
/* End XCConfigurationList section */
	};
	rootObject = 6143AF0D248699A200F8F5A9 /* Project object */;
}
