// !$*UTF8*$!
{
	archiveVersion = 1;
	classes = {
	};
	objectVersion = 50;
	objects = {

/* Begin PBXBuildFile section */
		61BC50BE256FAC9B00BBB423 /* AppDelegate.swift in Sources */ = {isa = PBXBuildFile; fileRef = 61BC50BD256FAC9B00BBB423 /* AppDelegate.swift */; };
		61BC50C0256FAC9B00BBB423 /* SceneDelegate.swift in Sources */ = {isa = PBXBuildFile; fileRef = 61BC50BF256FAC9B00BBB423 /* SceneDelegate.swift */; };
		61BC50C2256FAC9B00BBB423 /* InitialViewController.swift in Sources */ = {isa = PBXBuildFile; fileRef = 61BC50C1256FAC9B00BBB423 /* InitialViewController.swift */; };
		61BC50C5256FAC9B00BBB423 /* Main.storyboard in Resources */ = {isa = PBXBuildFile; fileRef = 61BC50C3256FAC9B00BBB423 /* Main.storyboard */; };
		61BC50C8256FAC9B00BBB423 /* ProtocolsAndDelegates.xcdatamodeld in Sources */ = {isa = PBXBuildFile; fileRef = 61BC50C6256FAC9B00BBB423 /* ProtocolsAndDelegates.xcdatamodeld */; };
		61BC50CA256FAC9D00BBB423 /* Assets.xcassets in Resources */ = {isa = PBXBuildFile; fileRef = 61BC50C9256FAC9D00BBB423 /* Assets.xcassets */; };
		61BC50CD256FAC9D00BBB423 /* LaunchScreen.storyboard in Resources */ = {isa = PBXBuildFile; fileRef = 61BC50CB256FAC9D00BBB423 /* LaunchScreen.storyboard */; };
		61BC50D8256FAC9D00BBB423 /* ProtocolsAndDelegatesTests.swift in Sources */ = {isa = PBXBuildFile; fileRef = 61BC50D7256FAC9D00BBB423 /* ProtocolsAndDelegatesTests.swift */; };
		61BC50E3256FAC9E00BBB423 /* ProtocolsAndDelegatesUITests.swift in Sources */ = {isa = PBXBuildFile; fileRef = 61BC50E2256FAC9E00BBB423 /* ProtocolsAndDelegatesUITests.swift */; };
		61BC50F4256FC4D300BBB423 /* SelectionViewController.swift in Sources */ = {isa = PBXBuildFile; fileRef = 61BC50F3256FC4D300BBB423 /* SelectionViewController.swift */; };
/* End PBXBuildFile section */

/* Begin PBXContainerItemProxy section */
		61BC50D4256FAC9D00BBB423 /* PBXContainerItemProxy */ = {
			isa = PBXContainerItemProxy;
			containerPortal = 61BC50B2256FAC9B00BBB423 /* Project object */;
			proxyType = 1;
			remoteGlobalIDString = 61BC50B9256FAC9B00BBB423;
			remoteInfo = ProtocolsAndDelegates;
		};
		61BC50DF256FAC9E00BBB423 /* PBXContainerItemProxy */ = {
			isa = PBXContainerItemProxy;
			containerPortal = 61BC50B2256FAC9B00BBB423 /* Project object */;
			proxyType = 1;
			remoteGlobalIDString = 61BC50B9256FAC9B00BBB423;
			remoteInfo = ProtocolsAndDelegates;
		};
/* End PBXContainerItemProxy section */

/* Begin PBXFileReference section */
		61BC50BA256FAC9B00BBB423 /* ProtocolsAndDelegates.app */ = {isa = PBXFileReference; explicitFileType = wrapper.application; includeInIndex = 0; path = ProtocolsAndDelegates.app; sourceTree = BUILT_PRODUCTS_DIR; };
		61BC50BD256FAC9B00BBB423 /* AppDelegate.swift */ = {isa = PBXFileReference; lastKnownFileType = sourcecode.swift; path = AppDelegate.swift; sourceTree = "<group>"; };
		61BC50BF256FAC9B00BBB423 /* SceneDelegate.swift */ = {isa = PBXFileReference; lastKnownFileType = sourcecode.swift; path = SceneDelegate.swift; sourceTree = "<group>"; };
		61BC50C1256FAC9B00BBB423 /* InitialViewController.swift */ = {isa = PBXFileReference; lastKnownFileType = sourcecode.swift; path = InitialViewController.swift; sourceTree = "<group>"; };
		61BC50C4256FAC9B00BBB423 /* Base */ = {isa = PBXFileReference; lastKnownFileType = file.storyboard; name = Base; path = Base.lproj/Main.storyboard; sourceTree = "<group>"; };
		61BC50C7256FAC9B00BBB423 /* ProtocolsAndDelegates.xcdatamodel */ = {isa = PBXFileReference; lastKnownFileType = wrapper.xcdatamodel; path = ProtocolsAndDelegates.xcdatamodel; sourceTree = "<group>"; };
		61BC50C9256FAC9D00BBB423 /* Assets.xcassets */ = {isa = PBXFileReference; lastKnownFileType = folder.assetcatalog; path = Assets.xcassets; sourceTree = "<group>"; };
		61BC50CC256FAC9D00BBB423 /* Base */ = {isa = PBXFileReference; lastKnownFileType = file.storyboard; name = Base; path = Base.lproj/LaunchScreen.storyboard; sourceTree = "<group>"; };
		61BC50CE256FAC9D00BBB423 /* Info.plist */ = {isa = PBXFileReference; lastKnownFileType = text.plist.xml; path = Info.plist; sourceTree = "<group>"; };
		61BC50D3256FAC9D00BBB423 /* ProtocolsAndDelegatesTests.xctest */ = {isa = PBXFileReference; explicitFileType = wrapper.cfbundle; includeInIndex = 0; path = ProtocolsAndDelegatesTests.xctest; sourceTree = BUILT_PRODUCTS_DIR; };
		61BC50D7256FAC9D00BBB423 /* ProtocolsAndDelegatesTests.swift */ = {isa = PBXFileReference; lastKnownFileType = sourcecode.swift; path = ProtocolsAndDelegatesTests.swift; sourceTree = "<group>"; };
		61BC50D9256FAC9D00BBB423 /* Info.plist */ = {isa = PBXFileReference; lastKnownFileType = text.plist.xml; path = Info.plist; sourceTree = "<group>"; };
		61BC50DE256FAC9E00BBB423 /* ProtocolsAndDelegatesUITests.xctest */ = {isa = PBXFileReference; explicitFileType = wrapper.cfbundle; includeInIndex = 0; path = ProtocolsAndDelegatesUITests.xctest; sourceTree = BUILT_PRODUCTS_DIR; };
		61BC50E2256FAC9E00BBB423 /* ProtocolsAndDelegatesUITests.swift */ = {isa = PBXFileReference; lastKnownFileType = sourcecode.swift; path = ProtocolsAndDelegatesUITests.swift; sourceTree = "<group>"; };
		61BC50E4256FAC9E00BBB423 /* Info.plist */ = {isa = PBXFileReference; lastKnownFileType = text.plist.xml; path = Info.plist; sourceTree = "<group>"; };
		61BC50F3256FC4D300BBB423 /* SelectionViewController.swift */ = {isa = PBXFileReference; lastKnownFileType = sourcecode.swift; path = SelectionViewController.swift; sourceTree = "<group>"; };
/* End PBXFileReference section */

/* Begin PBXFrameworksBuildPhase section */
		61BC50B7256FAC9B00BBB423 /* Frameworks */ = {
			isa = PBXFrameworksBuildPhase;
			buildActionMask = 2147483647;
			files = (
			);
			runOnlyForDeploymentPostprocessing = 0;
		};
		61BC50D0256FAC9D00BBB423 /* Frameworks */ = {
			isa = PBXFrameworksBuildPhase;
			buildActionMask = 2147483647;
			files = (
			);
			runOnlyForDeploymentPostprocessing = 0;
		};
		61BC50DB256FAC9E00BBB423 /* Frameworks */ = {
			isa = PBXFrameworksBuildPhase;
			buildActionMask = 2147483647;
			files = (
			);
			runOnlyForDeploymentPostprocessing = 0;
		};
/* End PBXFrameworksBuildPhase section */

/* Begin PBXGroup section */
		61BC50B1256FAC9B00BBB423 = {
			isa = PBXGroup;
			children = (
				61BC50BC256FAC9B00BBB423 /* ProtocolsAndDelegates */,
				61BC50D6256FAC9D00BBB423 /* ProtocolsAndDelegatesTests */,
				61BC50E1256FAC9E00BBB423 /* ProtocolsAndDelegatesUITests */,
				61BC50BB256FAC9B00BBB423 /* Products */,
			);
			sourceTree = "<group>";
		};
		61BC50BB256FAC9B00BBB423 /* Products */ = {
			isa = PBXGroup;
			children = (
				61BC50BA256FAC9B00BBB423 /* ProtocolsAndDelegates.app */,
				61BC50D3256FAC9D00BBB423 /* ProtocolsAndDelegatesTests.xctest */,
				61BC50DE256FAC9E00BBB423 /* ProtocolsAndDelegatesUITests.xctest */,
			);
			name = Products;
			sourceTree = "<group>";
		};
		61BC50BC256FAC9B00BBB423 /* ProtocolsAndDelegates */ = {
			isa = PBXGroup;
			children = (
				61BC50BD256FAC9B00BBB423 /* AppDelegate.swift */,
				61BC50BF256FAC9B00BBB423 /* SceneDelegate.swift */,
				61BC50C1256FAC9B00BBB423 /* InitialViewController.swift */,
				61BC50F3256FC4D300BBB423 /* SelectionViewController.swift */,
				61BC50C3256FAC9B00BBB423 /* Main.storyboard */,
				61BC50C9256FAC9D00BBB423 /* Assets.xcassets */,
				61BC50CB256FAC9D00BBB423 /* LaunchScreen.storyboard */,
				61BC50CE256FAC9D00BBB423 /* Info.plist */,
				61BC50C6256FAC9B00BBB423 /* ProtocolsAndDelegates.xcdatamodeld */,
			);
			path = ProtocolsAndDelegates;
			sourceTree = "<group>";
		};
		61BC50D6256FAC9D00BBB423 /* ProtocolsAndDelegatesTests */ = {
			isa = PBXGroup;
			children = (
				61BC50D7256FAC9D00BBB423 /* ProtocolsAndDelegatesTests.swift */,
				61BC50D9256FAC9D00BBB423 /* Info.plist */,
			);
			path = ProtocolsAndDelegatesTests;
			sourceTree = "<group>";
		};
		61BC50E1256FAC9E00BBB423 /* ProtocolsAndDelegatesUITests */ = {
			isa = PBXGroup;
			children = (
				61BC50E2256FAC9E00BBB423 /* ProtocolsAndDelegatesUITests.swift */,
				61BC50E4256FAC9E00BBB423 /* Info.plist */,
			);
			path = ProtocolsAndDelegatesUITests;
			sourceTree = "<group>";
		};
/* End PBXGroup section */

/* Begin PBXNativeTarget section */
		61BC50B9256FAC9B00BBB423 /* ProtocolsAndDelegates */ = {
			isa = PBXNativeTarget;
			buildConfigurationList = 61BC50E7256FAC9E00BBB423 /* Build configuration list for PBXNativeTarget "ProtocolsAndDelegates" */;
			buildPhases = (
				61BC50B6256FAC9B00BBB423 /* Sources */,
				61BC50B7256FAC9B00BBB423 /* Frameworks */,
				61BC50B8256FAC9B00BBB423 /* Resources */,
			);
			buildRules = (
			);
			dependencies = (
			);
			name = ProtocolsAndDelegates;
			productName = ProtocolsAndDelegates;
			productReference = 61BC50BA256FAC9B00BBB423 /* ProtocolsAndDelegates.app */;
			productType = "com.apple.product-type.application";
		};
		61BC50D2256FAC9D00BBB423 /* ProtocolsAndDelegatesTests */ = {
			isa = PBXNativeTarget;
			buildConfigurationList = 61BC50EA256FAC9E00BBB423 /* Build configuration list for PBXNativeTarget "ProtocolsAndDelegatesTests" */;
			buildPhases = (
				61BC50CF256FAC9D00BBB423 /* Sources */,
				61BC50D0256FAC9D00BBB423 /* Frameworks */,
				61BC50D1256FAC9D00BBB423 /* Resources */,
			);
			buildRules = (
			);
			dependencies = (
				61BC50D5256FAC9D00BBB423 /* PBXTargetDependency */,
			);
			name = ProtocolsAndDelegatesTests;
			productName = ProtocolsAndDelegatesTests;
			productReference = 61BC50D3256FAC9D00BBB423 /* ProtocolsAndDelegatesTests.xctest */;
			productType = "com.apple.product-type.bundle.unit-test";
		};
		61BC50DD256FAC9E00BBB423 /* ProtocolsAndDelegatesUITests */ = {
			isa = PBXNativeTarget;
			buildConfigurationList = 61BC50ED256FAC9E00BBB423 /* Build configuration list for PBXNativeTarget "ProtocolsAndDelegatesUITests" */;
			buildPhases = (
				61BC50DA256FAC9E00BBB423 /* Sources */,
				61BC50DB256FAC9E00BBB423 /* Frameworks */,
				61BC50DC256FAC9E00BBB423 /* Resources */,
			);
			buildRules = (
			);
			dependencies = (
				61BC50E0256FAC9E00BBB423 /* PBXTargetDependency */,
			);
			name = ProtocolsAndDelegatesUITests;
			productName = ProtocolsAndDelegatesUITests;
			productReference = 61BC50DE256FAC9E00BBB423 /* ProtocolsAndDelegatesUITests.xctest */;
			productType = "com.apple.product-type.bundle.ui-testing";
		};
/* End PBXNativeTarget section */

/* Begin PBXProject section */
		61BC50B2256FAC9B00BBB423 /* Project object */ = {
			isa = PBXProject;
			attributes = {
				LastSwiftUpdateCheck = 1220;
				LastUpgradeCheck = 1220;
				TargetAttributes = {
					61BC50B9256FAC9B00BBB423 = {
						CreatedOnToolsVersion = 12.2;
					};
					61BC50D2256FAC9D00BBB423 = {
						CreatedOnToolsVersion = 12.2;
						TestTargetID = 61BC50B9256FAC9B00BBB423;
					};
					61BC50DD256FAC9E00BBB423 = {
						CreatedOnToolsVersion = 12.2;
						TestTargetID = 61BC50B9256FAC9B00BBB423;
					};
				};
			};
			buildConfigurationList = 61BC50B5256FAC9B00BBB423 /* Build configuration list for PBXProject "ProtocolsAndDelegates" */;
			compatibilityVersion = "Xcode 9.3";
			developmentRegion = en;
			hasScannedForEncodings = 0;
			knownRegions = (
				en,
				Base,
			);
			mainGroup = 61BC50B1256FAC9B00BBB423;
			productRefGroup = 61BC50BB256FAC9B00BBB423 /* Products */;
			projectDirPath = "";
			projectRoot = "";
			targets = (
				61BC50B9256FAC9B00BBB423 /* ProtocolsAndDelegates */,
				61BC50D2256FAC9D00BBB423 /* ProtocolsAndDelegatesTests */,
				61BC50DD256FAC9E00BBB423 /* ProtocolsAndDelegatesUITests */,
			);
		};
/* End PBXProject section */

/* Begin PBXResourcesBuildPhase section */
		61BC50B8256FAC9B00BBB423 /* Resources */ = {
			isa = PBXResourcesBuildPhase;
			buildActionMask = 2147483647;
			files = (
				61BC50CD256FAC9D00BBB423 /* LaunchScreen.storyboard in Resources */,
				61BC50CA256FAC9D00BBB423 /* Assets.xcassets in Resources */,
				61BC50C5256FAC9B00BBB423 /* Main.storyboard in Resources */,
			);
			runOnlyForDeploymentPostprocessing = 0;
		};
		61BC50D1256FAC9D00BBB423 /* Resources */ = {
			isa = PBXResourcesBuildPhase;
			buildActionMask = 2147483647;
			files = (
			);
			runOnlyForDeploymentPostprocessing = 0;
		};
		61BC50DC256FAC9E00BBB423 /* Resources */ = {
			isa = PBXResourcesBuildPhase;
			buildActionMask = 2147483647;
			files = (
			);
			runOnlyForDeploymentPostprocessing = 0;
		};
/* End PBXResourcesBuildPhase section */

/* Begin PBXSourcesBuildPhase section */
		61BC50B6256FAC9B00BBB423 /* Sources */ = {
			isa = PBXSourcesBuildPhase;
			buildActionMask = 2147483647;
			files = (
				61BC50F4256FC4D300BBB423 /* SelectionViewController.swift in Sources */,
				61BC50C8256FAC9B00BBB423 /* ProtocolsAndDelegates.xcdatamodeld in Sources */,
				61BC50C2256FAC9B00BBB423 /* InitialViewController.swift in Sources */,
				61BC50BE256FAC9B00BBB423 /* AppDelegate.swift in Sources */,
				61BC50C0256FAC9B00BBB423 /* SceneDelegate.swift in Sources */,
			);
			runOnlyForDeploymentPostprocessing = 0;
		};
		61BC50CF256FAC9D00BBB423 /* Sources */ = {
			isa = PBXSourcesBuildPhase;
			buildActionMask = 2147483647;
			files = (
				61BC50D8256FAC9D00BBB423 /* ProtocolsAndDelegatesTests.swift in Sources */,
			);
			runOnlyForDeploymentPostprocessing = 0;
		};
		61BC50DA256FAC9E00BBB423 /* Sources */ = {
			isa = PBXSourcesBuildPhase;
			buildActionMask = 2147483647;
			files = (
				61BC50E3256FAC9E00BBB423 /* ProtocolsAndDelegatesUITests.swift in Sources */,
			);
			runOnlyForDeploymentPostprocessing = 0;
		};
/* End PBXSourcesBuildPhase section */

/* Begin PBXTargetDependency section */
		61BC50D5256FAC9D00BBB423 /* PBXTargetDependency */ = {
			isa = PBXTargetDependency;
			target = 61BC50B9256FAC9B00BBB423 /* ProtocolsAndDelegates */;
			targetProxy = 61BC50D4256FAC9D00BBB423 /* PBXContainerItemProxy */;
		};
		61BC50E0256FAC9E00BBB423 /* PBXTargetDependency */ = {
			isa = PBXTargetDependency;
			target = 61BC50B9256FAC9B00BBB423 /* ProtocolsAndDelegates */;
			targetProxy = 61BC50DF256FAC9E00BBB423 /* PBXContainerItemProxy */;
		};
/* End PBXTargetDependency section */

/* Begin PBXVariantGroup section */
		61BC50C3256FAC9B00BBB423 /* Main.storyboard */ = {
			isa = PBXVariantGroup;
			children = (
				61BC50C4256FAC9B00BBB423 /* Base */,
			);
			name = Main.storyboard;
			sourceTree = "<group>";
		};
		61BC50CB256FAC9D00BBB423 /* LaunchScreen.storyboard */ = {
			isa = PBXVariantGroup;
			children = (
				61BC50CC256FAC9D00BBB423 /* Base */,
			);
			name = LaunchScreen.storyboard;
			sourceTree = "<group>";
		};
/* End PBXVariantGroup section */

/* Begin XCBuildConfiguration section */
		61BC50E5256FAC9E00BBB423 /* Debug */ = {
			isa = XCBuildConfiguration;
			buildSettings = {
				ALWAYS_SEARCH_USER_PATHS = NO;
				CLANG_ANALYZER_NONNULL = YES;
				CLANG_ANALYZER_NUMBER_OBJECT_CONVERSION = YES_AGGRESSIVE;
				CLANG_CXX_LANGUAGE_STANDARD = "gnu++14";
				CLANG_CXX_LIBRARY = "libc++";
				CLANG_ENABLE_MODULES = YES;
				CLANG_ENABLE_OBJC_ARC = YES;
				CLANG_ENABLE_OBJC_WEAK = YES;
				CLANG_WARN_BLOCK_CAPTURE_AUTORELEASING = YES;
				CLANG_WARN_BOOL_CONVERSION = YES;
				CLANG_WARN_COMMA = YES;
				CLANG_WARN_CONSTANT_CONVERSION = YES;
				CLANG_WARN_DEPRECATED_OBJC_IMPLEMENTATIONS = YES;
				CLANG_WARN_DIRECT_OBJC_ISA_USAGE = YES_ERROR;
				CLANG_WARN_DOCUMENTATION_COMMENTS = YES;
				CLANG_WARN_EMPTY_BODY = YES;
				CLANG_WARN_ENUM_CONVERSION = YES;
				CLANG_WARN_INFINITE_RECURSION = YES;
				CLANG_WARN_INT_CONVERSION = YES;
				CLANG_WARN_NON_LITERAL_NULL_CONVERSION = YES;
				CLANG_WARN_OBJC_IMPLICIT_RETAIN_SELF = YES;
				CLANG_WARN_OBJC_LITERAL_CONVERSION = YES;
				CLANG_WARN_OBJC_ROOT_CLASS = YES_ERROR;
				CLANG_WARN_QUOTED_INCLUDE_IN_FRAMEWORK_HEADER = YES;
				CLANG_WARN_RANGE_LOOP_ANALYSIS = YES;
				CLANG_WARN_STRICT_PROTOTYPES = YES;
				CLANG_WARN_SUSPICIOUS_MOVE = YES;
				CLANG_WARN_UNGUARDED_AVAILABILITY = YES_AGGRESSIVE;
				CLANG_WARN_UNREACHABLE_CODE = YES;
				CLANG_WARN__DUPLICATE_METHOD_MATCH = YES;
				COPY_PHASE_STRIP = NO;
				DEBUG_INFORMATION_FORMAT = dwarf;
				ENABLE_STRICT_OBJC_MSGSEND = YES;
				ENABLE_TESTABILITY = YES;
				GCC_C_LANGUAGE_STANDARD = gnu11;
				GCC_DYNAMIC_NO_PIC = NO;
				GCC_NO_COMMON_BLOCKS = YES;
				GCC_OPTIMIZATION_LEVEL = 0;
				GCC_PREPROCESSOR_DEFINITIONS = (
					"DEBUG=1",
					"$(inherited)",
				);
				GCC_WARN_64_TO_32_BIT_CONVERSION = YES;
				GCC_WARN_ABOUT_RETURN_TYPE = YES_ERROR;
				GCC_WARN_UNDECLARED_SELECTOR = YES;
				GCC_WARN_UNINITIALIZED_AUTOS = YES_AGGRESSIVE;
				GCC_WARN_UNUSED_FUNCTION = YES;
				GCC_WARN_UNUSED_VARIABLE = YES;
				IPHONEOS_DEPLOYMENT_TARGET = 14.2;
				MTL_ENABLE_DEBUG_INFO = INCLUDE_SOURCE;
				MTL_FAST_MATH = YES;
				ONLY_ACTIVE_ARCH = YES;
				SDKROOT = iphoneos;
				SWIFT_ACTIVE_COMPILATION_CONDITIONS = DEBUG;
				SWIFT_OPTIMIZATION_LEVEL = "-Onone";
			};
			name = Debug;
		};
		61BC50E6256FAC9E00BBB423 /* Release */ = {
			isa = XCBuildConfiguration;
			buildSettings = {
				ALWAYS_SEARCH_USER_PATHS = NO;
				CLANG_ANALYZER_NONNULL = YES;
				CLANG_ANALYZER_NUMBER_OBJECT_CONVERSION = YES_AGGRESSIVE;
				CLANG_CXX_LANGUAGE_STANDARD = "gnu++14";
				CLANG_CXX_LIBRARY = "libc++";
				CLANG_ENABLE_MODULES = YES;
				CLANG_ENABLE_OBJC_ARC = YES;
				CLANG_ENABLE_OBJC_WEAK = YES;
				CLANG_WARN_BLOCK_CAPTURE_AUTORELEASING = YES;
				CLANG_WARN_BOOL_CONVERSION = YES;
				CLANG_WARN_COMMA = YES;
				CLANG_WARN_CONSTANT_CONVERSION = YES;
				CLANG_WARN_DEPRECATED_OBJC_IMPLEMENTATIONS = YES;
				CLANG_WARN_DIRECT_OBJC_ISA_USAGE = YES_ERROR;
				CLANG_WARN_DOCUMENTATION_COMMENTS = YES;
				CLANG_WARN_EMPTY_BODY = YES;
				CLANG_WARN_ENUM_CONVERSION = YES;
				CLANG_WARN_INFINITE_RECURSION = YES;
				CLANG_WARN_INT_CONVERSION = YES;
				CLANG_WARN_NON_LITERAL_NULL_CONVERSION = YES;
				CLANG_WARN_OBJC_IMPLICIT_RETAIN_SELF = YES;
				CLANG_WARN_OBJC_LITERAL_CONVERSION = YES;
				CLANG_WARN_OBJC_ROOT_CLASS = YES_ERROR;
				CLANG_WARN_QUOTED_INCLUDE_IN_FRAMEWORK_HEADER = YES;
				CLANG_WARN_RANGE_LOOP_ANALYSIS = YES;
				CLANG_WARN_STRICT_PROTOTYPES = YES;
				CLANG_WARN_SUSPICIOUS_MOVE = YES;
				CLANG_WARN_UNGUARDED_AVAILABILITY = YES_AGGRESSIVE;
				CLANG_WARN_UNREACHABLE_CODE = YES;
				CLANG_WARN__DUPLICATE_METHOD_MATCH = YES;
				COPY_PHASE_STRIP = NO;
				DEBUG_INFORMATION_FORMAT = "dwarf-with-dsym";
				ENABLE_NS_ASSERTIONS = NO;
				ENABLE_STRICT_OBJC_MSGSEND = YES;
				GCC_C_LANGUAGE_STANDARD = gnu11;
				GCC_NO_COMMON_BLOCKS = YES;
				GCC_WARN_64_TO_32_BIT_CONVERSION = YES;
				GCC_WARN_ABOUT_RETURN_TYPE = YES_ERROR;
				GCC_WARN_UNDECLARED_SELECTOR = YES;
				GCC_WARN_UNINITIALIZED_AUTOS = YES_AGGRESSIVE;
				GCC_WARN_UNUSED_FUNCTION = YES;
				GCC_WARN_UNUSED_VARIABLE = YES;
				IPHONEOS_DEPLOYMENT_TARGET = 14.2;
				MTL_ENABLE_DEBUG_INFO = NO;
				MTL_FAST_MATH = YES;
				SDKROOT = iphoneos;
				SWIFT_COMPILATION_MODE = wholemodule;
				SWIFT_OPTIMIZATION_LEVEL = "-O";
				VALIDATE_PRODUCT = YES;
			};
			name = Release;
		};
		61BC50E8256FAC9E00BBB423 /* Debug */ = {
			isa = XCBuildConfiguration;
			buildSettings = {
				ASSETCATALOG_COMPILER_APPICON_NAME = AppIcon;
				ASSETCATALOG_COMPILER_GLOBAL_ACCENT_COLOR_NAME = AccentColor;
				CODE_SIGN_STYLE = Automatic;
				DEVELOPMENT_TEAM = 9KQ925N3K3;
				INFOPLIST_FILE = ProtocolsAndDelegates/Info.plist;
				LD_RUNPATH_SEARCH_PATHS = (
					"$(inherited)",
					"@executable_path/Frameworks",
				);
				PRODUCT_BUNDLE_IDENTIFIER = com.jaydan.ProtocolsAndDelegates;
				PRODUCT_NAME = "$(TARGET_NAME)";
				SWIFT_VERSION = 5.0;
				TARGETED_DEVICE_FAMILY = "1,2";
			};
			name = Debug;
		};
		61BC50E9256FAC9E00BBB423 /* Release */ = {
			isa = XCBuildConfiguration;
			buildSettings = {
				ASSETCATALOG_COMPILER_APPICON_NAME = AppIcon;
				ASSETCATALOG_COMPILER_GLOBAL_ACCENT_COLOR_NAME = AccentColor;
				CODE_SIGN_STYLE = Automatic;
				DEVELOPMENT_TEAM = 9KQ925N3K3;
				INFOPLIST_FILE = ProtocolsAndDelegates/Info.plist;
				LD_RUNPATH_SEARCH_PATHS = (
					"$(inherited)",
					"@executable_path/Frameworks",
				);
				PRODUCT_BUNDLE_IDENTIFIER = com.jaydan.ProtocolsAndDelegates;
				PRODUCT_NAME = "$(TARGET_NAME)";
				SWIFT_VERSION = 5.0;
				TARGETED_DEVICE_FAMILY = "1,2";
			};
			name = Release;
		};
		61BC50EB256FAC9E00BBB423 /* Debug */ = {
			isa = XCBuildConfiguration;
			buildSettings = {
				ALWAYS_EMBED_SWIFT_STANDARD_LIBRARIES = YES;
				BUNDLE_LOADER = "$(TEST_HOST)";
				CODE_SIGN_STYLE = Automatic;
				DEVELOPMENT_TEAM = 9KQ925N3K3;
				INFOPLIST_FILE = ProtocolsAndDelegatesTests/Info.plist;
				IPHONEOS_DEPLOYMENT_TARGET = 14.2;
				LD_RUNPATH_SEARCH_PATHS = (
					"$(inherited)",
					"@executable_path/Frameworks",
					"@loader_path/Frameworks",
				);
				PRODUCT_BUNDLE_IDENTIFIER = com.jaydan.ProtocolsAndDelegatesTests;
				PRODUCT_NAME = "$(TARGET_NAME)";
				SWIFT_VERSION = 5.0;
				TARGETED_DEVICE_FAMILY = "1,2";
				TEST_HOST = "$(BUILT_PRODUCTS_DIR)/ProtocolsAndDelegates.app/ProtocolsAndDelegates";
			};
			name = Debug;
		};
		61BC50EC256FAC9E00BBB423 /* Release */ = {
			isa = XCBuildConfiguration;
			buildSettings = {
				ALWAYS_EMBED_SWIFT_STANDARD_LIBRARIES = YES;
				BUNDLE_LOADER = "$(TEST_HOST)";
				CODE_SIGN_STYLE = Automatic;
				DEVELOPMENT_TEAM = 9KQ925N3K3;
				INFOPLIST_FILE = ProtocolsAndDelegatesTests/Info.plist;
				IPHONEOS_DEPLOYMENT_TARGET = 14.2;
				LD_RUNPATH_SEARCH_PATHS = (
					"$(inherited)",
					"@executable_path/Frameworks",
					"@loader_path/Frameworks",
				);
				PRODUCT_BUNDLE_IDENTIFIER = com.jaydan.ProtocolsAndDelegatesTests;
				PRODUCT_NAME = "$(TARGET_NAME)";
				SWIFT_VERSION = 5.0;
				TARGETED_DEVICE_FAMILY = "1,2";
				TEST_HOST = "$(BUILT_PRODUCTS_DIR)/ProtocolsAndDelegates.app/ProtocolsAndDelegates";
			};
			name = Release;
		};
		61BC50EE256FAC9E00BBB423 /* Debug */ = {
			isa = XCBuildConfiguration;
			buildSettings = {
				ALWAYS_EMBED_SWIFT_STANDARD_LIBRARIES = YES;
				CODE_SIGN_STYLE = Automatic;
				DEVELOPMENT_TEAM = 9KQ925N3K3;
				INFOPLIST_FILE = ProtocolsAndDelegatesUITests/Info.plist;
				LD_RUNPATH_SEARCH_PATHS = (
					"$(inherited)",
					"@executable_path/Frameworks",
					"@loader_path/Frameworks",
				);
				PRODUCT_BUNDLE_IDENTIFIER = com.jaydan.ProtocolsAndDelegatesUITests;
				PRODUCT_NAME = "$(TARGET_NAME)";
				SWIFT_VERSION = 5.0;
				TARGETED_DEVICE_FAMILY = "1,2";
				TEST_TARGET_NAME = ProtocolsAndDelegates;
			};
			name = Debug;
		};
		61BC50EF256FAC9E00BBB423 /* Release */ = {
			isa = XCBuildConfiguration;
			buildSettings = {
				ALWAYS_EMBED_SWIFT_STANDARD_LIBRARIES = YES;
				CODE_SIGN_STYLE = Automatic;
				DEVELOPMENT_TEAM = 9KQ925N3K3;
				INFOPLIST_FILE = ProtocolsAndDelegatesUITests/Info.plist;
				LD_RUNPATH_SEARCH_PATHS = (
					"$(inherited)",
					"@executable_path/Frameworks",
					"@loader_path/Frameworks",
				);
				PRODUCT_BUNDLE_IDENTIFIER = com.jaydan.ProtocolsAndDelegatesUITests;
				PRODUCT_NAME = "$(TARGET_NAME)";
				SWIFT_VERSION = 5.0;
				TARGETED_DEVICE_FAMILY = "1,2";
				TEST_TARGET_NAME = ProtocolsAndDelegates;
			};
			name = Release;
		};
/* End XCBuildConfiguration section */

/* Begin XCConfigurationList section */
		61BC50B5256FAC9B00BBB423 /* Build configuration list for PBXProject "ProtocolsAndDelegates" */ = {
			isa = XCConfigurationList;
			buildConfigurations = (
				61BC50E5256FAC9E00BBB423 /* Debug */,
				61BC50E6256FAC9E00BBB423 /* Release */,
			);
			defaultConfigurationIsVisible = 0;
			defaultConfigurationName = Release;
		};
		61BC50E7256FAC9E00BBB423 /* Build configuration list for PBXNativeTarget "ProtocolsAndDelegates" */ = {
			isa = XCConfigurationList;
			buildConfigurations = (
				61BC50E8256FAC9E00BBB423 /* Debug */,
				61BC50E9256FAC9E00BBB423 /* Release */,
			);
			defaultConfigurationIsVisible = 0;
			defaultConfigurationName = Release;
		};
		61BC50EA256FAC9E00BBB423 /* Build configuration list for PBXNativeTarget "ProtocolsAndDelegatesTests" */ = {
			isa = XCConfigurationList;
			buildConfigurations = (
				61BC50EB256FAC9E00BBB423 /* Debug */,
				61BC50EC256FAC9E00BBB423 /* Release */,
			);
			defaultConfigurationIsVisible = 0;
			defaultConfigurationName = Release;
		};
		61BC50ED256FAC9E00BBB423 /* Build configuration list for PBXNativeTarget "ProtocolsAndDelegatesUITests" */ = {
			isa = XCConfigurationList;
			buildConfigurations = (
				61BC50EE256FAC9E00BBB423 /* Debug */,
				61BC50EF256FAC9E00BBB423 /* Release */,
			);
			defaultConfigurationIsVisible = 0;
			defaultConfigurationName = Release;
		};
/* End XCConfigurationList section */

/* Begin XCVersionGroup section */
		61BC50C6256FAC9B00BBB423 /* ProtocolsAndDelegates.xcdatamodeld */ = {
			isa = XCVersionGroup;
			children = (
				61BC50C7256FAC9B00BBB423 /* ProtocolsAndDelegates.xcdatamodel */,
			);
			currentVersion = 61BC50C7256FAC9B00BBB423 /* ProtocolsAndDelegates.xcdatamodel */;
			path = ProtocolsAndDelegates.xcdatamodeld;
			sourceTree = "<group>";
			versionGroupType = wrapper.xcdatamodel;
		};
/* End XCVersionGroup section */
	};
	rootObject = 61BC50B2256FAC9B00BBB423 /* Project object */;
}
