// !$*UTF8*$!
{
	archiveVersion = 1;
	classes = {
	};
	objectVersion = 50;
	objects = {

/* Begin PBXBuildFile section */
		616F06982480ECD400B9808E /* AppDelegate.swift in Sources */ = {isa = PBXBuildFile; fileRef = 616F06972480ECD400B9808E /* AppDelegate.swift */; };
		616F069A2480ECD400B9808E /* SceneDelegate.swift in Sources */ = {isa = PBXBuildFile; fileRef = 616F06992480ECD400B9808E /* SceneDelegate.swift */; };
		616F069C2480ECD400B9808E /* ViewController.swift in Sources */ = {isa = PBXBuildFile; fileRef = 616F069B2480ECD400B9808E /* ViewController.swift */; };
		616F069F2480ECD400B9808E /* Main.storyboard in Resources */ = {isa = PBXBuildFile; fileRef = 616F069D2480ECD400B9808E /* Main.storyboard */; };
		616F06A12480ECD500B9808E /* Assets.xcassets in Resources */ = {isa = PBXBuildFile; fileRef = 616F06A02480ECD500B9808E /* Assets.xcassets */; };
		616F06A42480ECD500B9808E /* LaunchScreen.storyboard in Resources */ = {isa = PBXBuildFile; fileRef = 616F06A22480ECD500B9808E /* LaunchScreen.storyboard */; };
		616F06AE2480F22A00B9808E /* Product.swift in Sources */ = {isa = PBXBuildFile; fileRef = 616F06AD2480F22A00B9808E /* Product.swift */; };
/* End PBXBuildFile section */

/* Begin PBXFileReference section */
		616F06942480ECD400B9808E /* Get_Set_WillSet_DidSet-ios.app */ = {isa = PBXFileReference; explicitFileType = wrapper.application; includeInIndex = 0; path = "Get_Set_WillSet_DidSet-ios.app"; sourceTree = BUILT_PRODUCTS_DIR; };
		616F06972480ECD400B9808E /* AppDelegate.swift */ = {isa = PBXFileReference; lastKnownFileType = sourcecode.swift; path = AppDelegate.swift; sourceTree = "<group>"; };
		616F06992480ECD400B9808E /* SceneDelegate.swift */ = {isa = PBXFileReference; lastKnownFileType = sourcecode.swift; path = SceneDelegate.swift; sourceTree = "<group>"; };
		616F069B2480ECD400B9808E /* ViewController.swift */ = {isa = PBXFileReference; lastKnownFileType = sourcecode.swift; path = ViewController.swift; sourceTree = "<group>"; };
		616F069E2480ECD400B9808E /* Base */ = {isa = PBXFileReference; lastKnownFileType = file.storyboard; name = Base; path = Base.lproj/Main.storyboard; sourceTree = "<group>"; };
		616F06A02480ECD500B9808E /* Assets.xcassets */ = {isa = PBXFileReference; lastKnownFileType = folder.assetcatalog; path = Assets.xcassets; sourceTree = "<group>"; };
		616F06A32480ECD500B9808E /* Base */ = {isa = PBXFileReference; lastKnownFileType = file.storyboard; name = Base; path = Base.lproj/LaunchScreen.storyboard; sourceTree = "<group>"; };
		616F06A52480ECD500B9808E /* Info.plist */ = {isa = PBXFileReference; lastKnownFileType = text.plist.xml; path = Info.plist; sourceTree = "<group>"; };
		616F06AD2480F22A00B9808E /* Product.swift */ = {isa = PBXFileReference; lastKnownFileType = sourcecode.swift; path = Product.swift; sourceTree = "<group>"; };
/* End PBXFileReference section */

/* Begin PBXFrameworksBuildPhase section */
		616F06912480ECD400B9808E /* Frameworks */ = {
			isa = PBXFrameworksBuildPhase;
			buildActionMask = 2147483647;
			files = (
			);
			runOnlyForDeploymentPostprocessing = 0;
		};
/* End PBXFrameworksBuildPhase section */

/* Begin PBXGroup section */
		616F068B2480ECD400B9808E = {
			isa = PBXGroup;
			children = (
				616F06962480ECD400B9808E /* Get_Set_WillSet_DidSet-ios */,
				616F06952480ECD400B9808E /* Products */,
			);
			sourceTree = "<group>";
		};
		616F06952480ECD400B9808E /* Products */ = {
			isa = PBXGroup;
			children = (
				616F06942480ECD400B9808E /* Get_Set_WillSet_DidSet-ios.app */,
			);
			name = Products;
			sourceTree = "<group>";
		};
		616F06962480ECD400B9808E /* Get_Set_WillSet_DidSet-ios */ = {
			isa = PBXGroup;
			children = (
				616F06972480ECD400B9808E /* AppDelegate.swift */,
				616F06992480ECD400B9808E /* SceneDelegate.swift */,
				616F069B2480ECD400B9808E /* ViewController.swift */,
				616F069D2480ECD400B9808E /* Main.storyboard */,
				616F06A02480ECD500B9808E /* Assets.xcassets */,
				616F06A22480ECD500B9808E /* LaunchScreen.storyboard */,
				616F06A52480ECD500B9808E /* Info.plist */,
				616F06AD2480F22A00B9808E /* Product.swift */,
			);
			path = "Get_Set_WillSet_DidSet-ios";
			sourceTree = "<group>";
		};
/* End PBXGroup section */

/* Begin PBXNativeTarget section */
		616F06932480ECD400B9808E /* Get_Set_WillSet_DidSet-ios */ = {
			isa = PBXNativeTarget;
			buildConfigurationList = 616F06A82480ECD500B9808E /* Build configuration list for PBXNativeTarget "Get_Set_WillSet_DidSet-ios" */;
			buildPhases = (
				616F06902480ECD400B9808E /* Sources */,
				616F06912480ECD400B9808E /* Frameworks */,
				616F06922480ECD400B9808E /* Resources */,
			);
			buildRules = (
			);
			dependencies = (
			);
			name = "Get_Set_WillSet_DidSet-ios";
			productName = "Get_Set_WillSet_DidSet-ios";
			productReference = 616F06942480ECD400B9808E /* Get_Set_WillSet_DidSet-ios.app */;
			productType = "com.apple.product-type.application";
		};
/* End PBXNativeTarget section */

/* Begin PBXProject section */
		616F068C2480ECD400B9808E /* Project object */ = {
			isa = PBXProject;
			attributes = {
				LastSwiftUpdateCheck = 1150;
				LastUpgradeCheck = 1150;
				ORGANIZATIONNAME = "Daniel Sutcliffe";
				TargetAttributes = {
					616F06932480ECD400B9808E = {
						CreatedOnToolsVersion = 11.5;
					};
				};
			};
			buildConfigurationList = 616F068F2480ECD400B9808E /* Build configuration list for PBXProject "Get_Set_WillSet_DidSet-ios" */;
			compatibilityVersion = "Xcode 9.3";
			developmentRegion = en;
			hasScannedForEncodings = 0;
			knownRegions = (
				en,
				Base,
			);
			mainGroup = 616F068B2480ECD400B9808E;
			productRefGroup = 616F06952480ECD400B9808E /* Products */;
			projectDirPath = "";
			projectRoot = "";
			targets = (
				616F06932480ECD400B9808E /* Get_Set_WillSet_DidSet-ios */,
			);
		};
/* End PBXProject section */

/* Begin PBXResourcesBuildPhase section */
		616F06922480ECD400B9808E /* Resources */ = {
			isa = PBXResourcesBuildPhase;
			buildActionMask = 2147483647;
			files = (
				616F06A42480ECD500B9808E /* LaunchScreen.storyboard in Resources */,
				616F06A12480ECD500B9808E /* Assets.xcassets in Resources */,
				616F069F2480ECD400B9808E /* Main.storyboard in Resources */,
			);
			runOnlyForDeploymentPostprocessing = 0;
		};
/* End PBXResourcesBuildPhase section */

/* Begin PBXSourcesBuildPhase section */
		616F06902480ECD400B9808E /* Sources */ = {
			isa = PBXSourcesBuildPhase;
			buildActionMask = 2147483647;
			files = (
				616F069C2480ECD400B9808E /* ViewController.swift in Sources */,
				616F06AE2480F22A00B9808E /* Product.swift in Sources */,
				616F06982480ECD400B9808E /* AppDelegate.swift in Sources */,
				616F069A2480ECD400B9808E /* SceneDelegate.swift in Sources */,
			);
			runOnlyForDeploymentPostprocessing = 0;
		};
/* End PBXSourcesBuildPhase section */

/* Begin PBXVariantGroup section */
		616F069D2480ECD400B9808E /* Main.storyboard */ = {
			isa = PBXVariantGroup;
			children = (
				616F069E2480ECD400B9808E /* Base */,
			);
			name = Main.storyboard;
			sourceTree = "<group>";
		};
		616F06A22480ECD500B9808E /* LaunchScreen.storyboard */ = {
			isa = PBXVariantGroup;
			children = (
				616F06A32480ECD500B9808E /* Base */,
			);
			name = LaunchScreen.storyboard;
			sourceTree = "<group>";
		};
/* End PBXVariantGroup section */

/* Begin XCBuildConfiguration section */
		616F06A62480ECD500B9808E /* Debug */ = {
			isa = XCBuildConfiguration;
			buildSettings = {
				ALWAYS_SEARCH_USER_PATHS = NO;
				CLANG_ANALYZER_NONNULL = YES;
				CLANG_ANALYZER_NUMBER_OBJECT_CONVERSION = YES_AGGRESSIVE;
				CLANG_CXX_LANGUAGE_STANDARD = "gnu++14";
				CLANG_CXX_LIBRARY = "libc++";
				CLANG_ENABLE_MODULES = YES;
				CLANG_ENABLE_OBJC_ARC = YES;
				CLANG_ENABLE_OBJC_WEAK = YES;
				CLANG_WARN_BLOCK_CAPTURE_AUTORELEASING = YES;
				CLANG_WARN_BOOL_CONVERSION = YES;
				CLANG_WARN_COMMA = YES;
				CLANG_WARN_CONSTANT_CONVERSION = YES;
				CLANG_WARN_DEPRECATED_OBJC_IMPLEMENTATIONS = YES;
				CLANG_WARN_DIRECT_OBJC_ISA_USAGE = YES_ERROR;
				CLANG_WARN_DOCUMENTATION_COMMENTS = YES;
				CLANG_WARN_EMPTY_BODY = YES;
				CLANG_WARN_ENUM_CONVERSION = YES;
				CLANG_WARN_INFINITE_RECURSION = YES;
				CLANG_WARN_INT_CONVERSION = YES;
				CLANG_WARN_NON_LITERAL_NULL_CONVERSION = YES;
				CLANG_WARN_OBJC_IMPLICIT_RETAIN_SELF = YES;
				CLANG_WARN_OBJC_LITERAL_CONVERSION = YES;
				CLANG_WARN_OBJC_ROOT_CLASS = YES_ERROR;
				CLANG_WARN_RANGE_LOOP_ANALYSIS = YES;
				CLANG_WARN_STRICT_PROTOTYPES = YES;
				CLANG_WARN_SUSPICIOUS_MOVE = YES;
				CLANG_WARN_UNGUARDED_AVAILABILITY = YES_AGGRESSIVE;
				CLANG_WARN_UNREACHABLE_CODE = YES;
				CLANG_WARN__DUPLICATE_METHOD_MATCH = YES;
				COPY_PHASE_STRIP = NO;
				DEBUG_INFORMATION_FORMAT = dwarf;
				ENABLE_STRICT_OBJC_MSGSEND = YES;
				ENABLE_TESTABILITY = YES;
				GCC_C_LANGUAGE_STANDARD = gnu11;
				GCC_DYNAMIC_NO_PIC = NO;
				GCC_NO_COMMON_BLOCKS = YES;
				GCC_OPTIMIZATION_LEVEL = 0;
				GCC_PREPROCESSOR_DEFINITIONS = (
					"DEBUG=1",
					"$(inherited)",
				);
				GCC_WARN_64_TO_32_BIT_CONVERSION = YES;
				GCC_WARN_ABOUT_RETURN_TYPE = YES_ERROR;
				GCC_WARN_UNDECLARED_SELECTOR = YES;
				GCC_WARN_UNINITIALIZED_AUTOS = YES_AGGRESSIVE;
				GCC_WARN_UNUSED_FUNCTION = YES;
				GCC_WARN_UNUSED_VARIABLE = YES;
				IPHONEOS_DEPLOYMENT_TARGET = 13.5;
				MTL_ENABLE_DEBUG_INFO = INCLUDE_SOURCE;
				MTL_FAST_MATH = YES;
				ONLY_ACTIVE_ARCH = YES;
				SDKROOT = iphoneos;
				SWIFT_ACTIVE_COMPILATION_CONDITIONS = DEBUG;
				SWIFT_OPTIMIZATION_LEVEL = "-Onone";
			};
			name = Debug;
		};
		616F06A72480ECD500B9808E /* Release */ = {
			isa = XCBuildConfiguration;
			buildSettings = {
				ALWAYS_SEARCH_USER_PATHS = NO;
				CLANG_ANALYZER_NONNULL = YES;
				CLANG_ANALYZER_NUMBER_OBJECT_CONVERSION = YES_AGGRESSIVE;
				CLANG_CXX_LANGUAGE_STANDARD = "gnu++14";
				CLANG_CXX_LIBRARY = "libc++";
				CLANG_ENABLE_MODULES = YES;
				CLANG_ENABLE_OBJC_ARC = YES;
				CLANG_ENABLE_OBJC_WEAK = YES;
				CLANG_WARN_BLOCK_CAPTURE_AUTORELEASING = YES;
				CLANG_WARN_BOOL_CONVERSION = YES;
				CLANG_WARN_COMMA = YES;
				CLANG_WARN_CONSTANT_CONVERSION = YES;
				CLANG_WARN_DEPRECATED_OBJC_IMPLEMENTATIONS = YES;
				CLANG_WARN_DIRECT_OBJC_ISA_USAGE = YES_ERROR;
				CLANG_WARN_DOCUMENTATION_COMMENTS = YES;
				CLANG_WARN_EMPTY_BODY = YES;
				CLANG_WARN_ENUM_CONVERSION = YES;
				CLANG_WARN_INFINITE_RECURSION = YES;
				CLANG_WARN_INT_CONVERSION = YES;
				CLANG_WARN_NON_LITERAL_NULL_CONVERSION = YES;
				CLANG_WARN_OBJC_IMPLICIT_RETAIN_SELF = YES;
				CLANG_WARN_OBJC_LITERAL_CONVERSION = YES;
				CLANG_WARN_OBJC_ROOT_CLASS = YES_ERROR;
				CLANG_WARN_RANGE_LOOP_ANALYSIS = YES;
				CLANG_WARN_STRICT_PROTOTYPES = YES;
				CLANG_WARN_SUSPICIOUS_MOVE = YES;
				CLANG_WARN_UNGUARDED_AVAILABILITY = YES_AGGRESSIVE;
				CLANG_WARN_UNREACHABLE_CODE = YES;
				CLANG_WARN__DUPLICATE_METHOD_MATCH = YES;
				COPY_PHASE_STRIP = NO;
				DEBUG_INFORMATION_FORMAT = "dwarf-with-dsym";
				ENABLE_NS_ASSERTIONS = NO;
				ENABLE_STRICT_OBJC_MSGSEND = YES;
				GCC_C_LANGUAGE_STANDARD = gnu11;
				GCC_NO_COMMON_BLOCKS = YES;
				GCC_WARN_64_TO_32_BIT_CONVERSION = YES;
				GCC_WARN_ABOUT_RETURN_TYPE = YES_ERROR;
				GCC_WARN_UNDECLARED_SELECTOR = YES;
				GCC_WARN_UNINITIALIZED_AUTOS = YES_AGGRESSIVE;
				GCC_WARN_UNUSED_FUNCTION = YES;
				GCC_WARN_UNUSED_VARIABLE = YES;
				IPHONEOS_DEPLOYMENT_TARGET = 13.5;
				MTL_ENABLE_DEBUG_INFO = NO;
				MTL_FAST_MATH = YES;
				SDKROOT = iphoneos;
				SWIFT_COMPILATION_MODE = wholemodule;
				SWIFT_OPTIMIZATION_LEVEL = "-O";
				VALIDATE_PRODUCT = YES;
			};
			name = Release;
		};
		616F06A92480ECD500B9808E /* Debug */ = {
			isa = XCBuildConfiguration;
			buildSettings = {
				ASSETCATALOG_COMPILER_APPICON_NAME = AppIcon;
				CODE_SIGN_STYLE = Automatic;
				DEVELOPMENT_TEAM = 9KQ925N3K3;
				INFOPLIST_FILE = "Get_Set_WillSet_DidSet-ios/Info.plist";
				LD_RUNPATH_SEARCH_PATHS = (
					"$(inherited)",
					"@executable_path/Frameworks",
				);
				PRODUCT_BUNDLE_IDENTIFIER = "com.jaydan.Get-Set-WillSet-DidSet-ios";
				PRODUCT_NAME = "$(TARGET_NAME)";
				SWIFT_VERSION = 5.0;
				TARGETED_DEVICE_FAMILY = "1,2";
			};
			name = Debug;
		};
		616F06AA2480ECD500B9808E /* Release */ = {
			isa = XCBuildConfiguration;
			buildSettings = {
				ASSETCATALOG_COMPILER_APPICON_NAME = AppIcon;
				CODE_SIGN_STYLE = Automatic;
				DEVELOPMENT_TEAM = 9KQ925N3K3;
				INFOPLIST_FILE = "Get_Set_WillSet_DidSet-ios/Info.plist";
				LD_RUNPATH_SEARCH_PATHS = (
					"$(inherited)",
					"@executable_path/Frameworks",
				);
				PRODUCT_BUNDLE_IDENTIFIER = "com.jaydan.Get-Set-WillSet-DidSet-ios";
				PRODUCT_NAME = "$(TARGET_NAME)";
				SWIFT_VERSION = 5.0;
				TARGETED_DEVICE_FAMILY = "1,2";
			};
			name = Release;
		};
/* End XCBuildConfiguration section */

/* Begin XCConfigurationList section */
		616F068F2480ECD400B9808E /* Build configuration list for PBXProject "Get_Set_WillSet_DidSet-ios" */ = {
			isa = XCConfigurationList;
			buildConfigurations = (
				616F06A62480ECD500B9808E /* Debug */,
				616F06A72480ECD500B9808E /* Release */,
			);
			defaultConfigurationIsVisible = 0;
			defaultConfigurationName = Release;
		};
		616F06A82480ECD500B9808E /* Build configuration list for PBXNativeTarget "Get_Set_WillSet_DidSet-ios" */ = {
			isa = XCConfigurationList;
			buildConfigurations = (
				616F06A92480ECD500B9808E /* Debug */,
				616F06AA2480ECD500B9808E /* Release */,
			);
			defaultConfigurationIsVisible = 0;
			defaultConfigurationName = Release;
		};
/* End XCConfigurationList section */
	};
	rootObject = 616F068C2480ECD400B9808E /* Project object */;
}
